<?xml version="1.0" encoding="UTF-8" standalone="yes" ?>
<CodeBlocks_project_file>
	<FileVersion major="1" minor="6" />
	<Project>
		<Option title="DarkRadiant" />
		<Option pch_mode="2" />
		<Option compiler="msvc8" />
		<Build>
			<Target title="Debug Win32">
				<Option output="..\..\install\$(PROJECT_NAME)" prefix_auto="1" extension_auto="1" />
				<Option working_dir="..\..\install" />
				<Option object_output="..\..\build\$(PROJECT_NAME)\Win32\Debug" />
				<Option type="0" />
				<Option compiler="msvc8" />
				<Compiler>
					<Add option="/MDd" />
					<Add option="/TP" />
					<Add option="/Gd" />
					<Add option="/Gm" />
					<Add option="/fp:precise" />
					<Add option="/EHs" />
					<Add option="/GF" />
					<Add option="/Od" />
					<Add option="/W4" />
					<Add option="/Zi /D_DEBUG" />
					<Add option="/GS-" />
					<Add option='/Fd&quot;..\..\build\$(PROJECT_NAME)\Win32\Debug\vc80.pdb&quot;' />
					<Add option="/wd4610 /wd4510 /wd4512 /wd4505 /wd4100 /wd4127 /wd4996 /wd4244 /wd4355" />
					<Add option="/D_CRT_SECURE_NO_DEPRECATE" />
					<Add option="/DWIN32" />
					<Add option="/D_CONSOLE" />
					<Add directory="..\..\radiant" />
					<Add directory="..\..\include" />
					<Add directory="..\..\libs" />
					<Add directory="$(#boost.include)" />
					<Add directory="..\..\w32deps\libxml2\include" />
					<Add directory="..\..\w32deps\gtk2\include\gtk-2.0" />
					<Add directory="..\..\w32deps\gtk2\include\atk-1.0" />
					<Add directory="..\..\w32deps\gtk2\include\glib-2.0" />
					<Add directory="..\..\w32deps\gtk2\include\cairo" />
					<Add directory="..\..\w32deps\gtk2\include\pango-1.0" />
					<Add directory="..\..\w32deps\gtk2\lib\glib-2.0\include" />
					<Add directory="..\..\w32deps\gtk2\lib\gtk-2.0\include" />
					<Add directory="..\..\w32deps\glew\include" />
					<Add directory="..\..\w32deps\win_iconv\include" />
				</Compiler>
				<ResourceCompiler>
					<Add directory="..\..\radiant" />
					<Add directory="..\..\include" />
					<Add directory="..\..\libs" />
					<Add directory="$(#boost.include)" />
					<Add directory="..\..\w32deps\libxml2\include" />
					<Add directory="..\..\w32deps\gtk2\include\gtk-2.0" />
					<Add directory="..\..\w32deps\gtk2\include\atk-1.0" />
					<Add directory="..\..\w32deps\gtk2\include\glib-2.0" />
					<Add directory="..\..\w32deps\gtk2\include\cairo" />
					<Add directory="..\..\w32deps\gtk2\include\pango-1.0" />
					<Add directory="..\..\w32deps\gtk2\lib\glib-2.0\include" />
					<Add directory="..\..\w32deps\gtk2\lib\gtk-2.0\include" />
					<Add directory="..\..\w32deps\glew\include" />
					<Add directory="..\..\w32deps\win_iconv\include" />
				</ResourceCompiler>
				<Linker>
					<Add option="/DEBUG" />
					<Add option="/NODEFAULTLIB:LIBCMT" />
					<Add option="/INCREMENTAL:NO" />
					<Add option="/NOLOGO" />
					<Add option='/MANIFESTFILE:&quot;..\..\build\$(PROJECT_NAME)\Win32\Debug\$(PROJECT_NAME).exe.intermediate.manifest&quot;' />
					<Add option='/pdb:&quot;..\..\install\$(PROJECT_NAME).pdb&quot;' />
					<Add option='/PDBSTRIPPED:&quot;..\..\install\$(PROJECT_NAME)_stripped.pdb&quot;' />
					<Add option="/SUBSYSTEM:CONSOLE" />
					<Add option='/ENTRY:&quot;mainCRTStartup&quot;' />
					<Add option="/MACHINE:X86" />
					<Add option="/FIXED:No" />
					<Add option="/ERRORREPORT:PROMPT" />
					<Add library="advapi32" />
					<Add library="Dbghelp" />
					<Add library="glu32" />
					<Add library="glew32" />
					<Add library="mathlib" />
					<Add library="xmlutillib" />
					<Add library="gtkutillib" />
					<Add library="winmm" />
					<Add library="kernel32" />
					<Add library="user32" />
					<Add library="gdi32" />
					<Add library="wsock32" />
					<Add library="glib-2.0" />
					<Add library="gobject-2.0" />
					<Add library="gdk-win32-2.0" />
					<Add library="gdk_pixbuf-2.0" />
					<Add library="gtk-win32-2.0" />
					<Add library="pango-1.0" />
					<Add library="libgtkglext" />
					<Add library="opengl32" />
					<Add library="libxml2" />
					<Add library="scenelib" />
					<Add directory="..\..\build\libs\Win32\Debug" />
					<Add directory="..\..\w32deps\gtk2\lib" />
					<Add directory="..\..\w32deps\libxml2\lib" />
					<Add directory="$(#boost.lib)" />
					<Add directory="..\..\w32deps\glew\lib" />
				</Linker>
				<ExtraCommands>
					<Add after="post_build_event.bat" />
				</ExtraCommands>
			</Target>
			<Target title="Release Win32">
				<Option output="..\..\install\$(PROJECT_NAME)" prefix_auto="1" extension_auto="1" />
				<Option working_dir="..\..\install" />
				<Option object_output="..\..\build\$(PROJECT_NAME)\Win32\Release" />
				<Option type="0" />
				<Option compiler="msvc8" />
				<Compiler>
					<Add option="/MD" />
					<Add option="/TP" />
					<Add option="/Gd" />
					<Add option="/GL" />
					<Add option="/fp:precise" />
					<Add option="/EHc" />
					<Add option="/EHs" />
					<Add option="/GF" />
					<Add option="/Ob" />
					<Add option="/Oi" />
					<Add option="/Ot" />
					<Add option="/O2" />
					<Add option="/W4" />
					<Add option="/Zi" />
					<Add option="/GS-" />
					<Add option='/Fd&quot;..\..\build\$(PROJECT_NAME)\Win32\Release\vc80.pdb&quot;' />
					<Add option="/wd4610 /wd4510 /wd4512 /wd4505 /wd4100 /wd4127 /wd4996 /wd4244 /wd4355" />
					<Add option="/D_CRT_SECURE_NO_DEPRECATE" />
					<Add option="/DWIN32" />
					<Add option="/DNDEBUG" />
					<Add option="/D_CONSOLE" />
					<Add directory="..\..\radiant" />
					<Add directory="..\..\include" />
					<Add directory="..\..\libs" />
					<Add directory="$(#boost.include)" />
					<Add directory="..\..\w32deps\libxml2\include" />
					<Add directory="..\..\w32deps\gtk2\include\gtk-2.0" />
					<Add directory="..\..\w32deps\gtk2\include\atk-1.0" />
					<Add directory="..\..\w32deps\gtk2\include\glib-2.0" />
					<Add directory="..\..\w32deps\gtk2\include\cairo" />
					<Add directory="..\..\w32deps\gtk2\include\pango-1.0" />
					<Add directory="..\..\w32deps\gtk2\lib\glib-2.0\include" />
					<Add directory="..\..\w32deps\gtk2\lib\gtk-2.0\include" />
					<Add directory="..\..\w32deps\glew\include" />
					<Add directory="..\..\w32deps\win_iconv\include" />
				</Compiler>
				<ResourceCompiler>
					<Add directory="..\..\radiant" />
					<Add directory="..\..\include" />
					<Add directory="..\..\libs" />
					<Add directory="$(#boost.include)" />
					<Add directory="..\..\w32deps\libxml2\include" />
					<Add directory="..\..\w32deps\gtk2\include\gtk-2.0" />
					<Add directory="..\..\w32deps\gtk2\include\atk-1.0" />
					<Add directory="..\..\w32deps\gtk2\include\glib-2.0" />
					<Add directory="..\..\w32deps\gtk2\include\cairo" />
					<Add directory="..\..\w32deps\gtk2\include\pango-1.0" />
					<Add directory="..\..\w32deps\gtk2\lib\glib-2.0\include" />
					<Add directory="..\..\w32deps\gtk2\lib\gtk-2.0\include" />
					<Add directory="..\..\w32deps\glew\include" />
					<Add directory="..\..\w32deps\win_iconv\include" />
				</ResourceCompiler>
				<Linker>
					<Add option="/NODEFAULTLIB:LIBCMT" />
					<Add option="/INCREMENTAL:NO" />
					<Add option="/NOLOGO" />
					<Add option='/MANIFESTFILE:&quot;..\..\build\$(PROJECT_NAME)\Win32\Release\$(PROJECT_NAME).exe.intermediate.manifest&quot;' />
					<Add option='/pdb:&quot;..\..\install\$(PROJECT_NAME).pdb&quot;' />
					<Add option='/PDBSTRIPPED:&quot;..\..\install\$(PROJECT_NAME)_stripped.pdb&quot;' />
					<Add option="/SUBSYSTEM:WINDOWS" />
					<Add option="/OPT:REF" />
					<Add option="/OPT:ICF" />
					<Add option="/LTCG" />
					<Add option='/ENTRY:&quot;mainCRTStartup&quot;' />
					<Add option="/MACHINE:X86" />
					<Add option="/ERRORREPORT:PROMPT" />
					<Add library="advapi32" />
					<Add library="Dbghelp" />
					<Add library="glu32" />
					<Add library="glew32" />
					<Add library="mathlib" />
					<Add library="xmlutillib" />
					<Add library="gtkutillib" />
					<Add library="winmm" />
					<Add library="kernel32" />
					<Add library="user32" />
					<Add library="gdi32" />
					<Add library="wsock32" />
					<Add library="glib-2.0" />
					<Add library="gobject-2.0" />
					<Add library="gdk-win32-2.0" />
					<Add library="gdk_pixbuf-2.0" />
					<Add library="gtk-win32-2.0" />
					<Add library="pango-1.0" />
					<Add library="libgtkglext" />
					<Add library="opengl32" />
					<Add library="libxml2" />
					<Add library="scenelib" />
					<Add directory="..\..\build\libs\Win32\Release" />
					<Add directory="..\..\w32deps\gtk2\lib" />
					<Add directory="..\..\w32deps\libxml2\lib" />
					<Add directory="$(#boost.lib)" />
					<Add directory="..\..\w32deps\glew\lib" />
				</Linker>
				<ExtraCommands>
					<Add after="post_build_event.bat" />
				</ExtraCommands>
			</Target>
		</Build>
		<Unit filename="..\..\radiant\RadiantModule.cpp" />
		<Unit filename="..\..\radiant\RadiantModule.h" />
		<Unit filename="..\..\radiant\brush\Brush.cpp" />
		<Unit filename="..\..\radiant\brush\Brush.h" />
		<Unit filename="..\..\radiant\brush\BrushClipPlane.h" />
		<Unit filename="..\..\radiant\brush\BrushModule.cpp" />
		<Unit filename="..\..\radiant\brush\BrushModule.h" />
		<Unit filename="..\..\radiant\brush\BrushNode.cpp" />
		<Unit filename="..\..\radiant\brush\BrushNode.h" />
		<Unit filename="..\..\radiant\brush\BrushPrimitTexDef.cpp" />
		<Unit filename="..\..\radiant\brush\BrushPrimitTexDef.h" />
		<Unit filename="..\..\radiant\brush\BrushTokenExporter.cpp" />
		<Unit filename="..\..\radiant\brush\BrushTokenExporter.h" />
		<Unit filename="..\..\radiant\brush\BrushTokenImporter.cpp" />
		<Unit filename="..\..\radiant\brush\BrushTokenImporter.h" />
		<Unit filename="..\..\radiant\brush\BrushVisit.h" />
		<Unit filename="..\..\radiant\brush\ContentsFlagsValue.h" />
		<Unit filename="..\..\radiant\brush\EdgeInstance.h" />
		<Unit filename="..\..\radiant\brush\Face.cpp" />
		<Unit filename="..\..\radiant\brush\Face.h" />
		<Unit filename="..\..\radiant\brush\FaceInstance.cpp" />
		<Unit filename="..\..\radiant\brush\FaceInstance.h" />
		<Unit filename="..\..\radiant\brush\FacePlane.cpp" />
		<Unit filename="..\..\radiant\brush\FacePlane.h" />
		<Unit filename="..\..\radiant\brush\FaceShader.cpp" />
		<Unit filename="..\..\radiant\brush\FaceShader.h" />
		<Unit filename="..\..\radiant\brush\FaceTexDef.cpp" />
		<Unit filename="..\..\radiant\brush\FaceTexDef.h" />
		<Unit filename="..\..\radiant\brush\FixedWinding.cpp" />
		<Unit filename="..\..\radiant\brush\FixedWinding.h" />
		<Unit filename="..\..\radiant\brush\PlanePoints.h" />
		<Unit filename="..\..\radiant\brush\RenderableWireFrame.h" />
		<Unit filename="..\..\radiant\brush\SelectableComponents.h" />
		<Unit filename="..\..\radiant\brush\TexDef.cpp" />
		<Unit filename="..\..\radiant\brush\TexDef.h" />
		<Unit filename="..\..\radiant\brush\TextureProjection.cpp" />
		<Unit filename="..\..\radiant\brush\TextureProjection.h" />
		<Unit filename="..\..\radiant\brush\VectorLightList.h" />
		<Unit filename="..\..\radiant\brush\VertexInstance.h" />
		<Unit filename="..\..\radiant\brush\VertexSelection.h" />
		<Unit filename="..\..\radiant\brush\Winding.cpp" />
		<Unit filename="..\..\radiant\brush\Winding.h" />
		<Unit filename="..\..\radiant\brush\csg\BrushByPlaneClipper.cpp" />
		<Unit filename="..\..\radiant\brush\csg\BrushByPlaneClipper.h" />
		<Unit filename="..\..\radiant\brush\csg\CSG.cpp" />
		<Unit filename="..\..\radiant\brush\csg\CSG.h" />
		<Unit filename="..\..\radiant\brush\export\CollisionModel.cpp" />
		<Unit filename="..\..\radiant\brush\export\CollisionModel.h" />
		<Unit filename="..\..\radiant\brush\export\Geometry.h" />
		<Unit filename="..\..\radiant\brushexport\BrushExportOBJ.cpp" />
		<Unit filename="..\..\radiant\brushexport\BrushExportOBJ.h" />
		<Unit filename="..\..\radiant\brushexport\Exporter.h" />
		<Unit filename="..\..\radiant\brushexport\WaveFrontBrushVisitor.h" />
		<Unit filename="..\..\radiant\brushmanip.cpp" />
		<Unit filename="..\..\radiant\brushmanip.h" />
		<Unit filename="..\..\radiant\camera\CamRenderer.h" />
		<Unit filename="..\..\radiant\camera\CamWnd.cpp" />
		<Unit filename="..\..\radiant\camera\CamWnd.h" />
		<Unit filename="..\..\radiant\camera\Camera.cpp" />
		<Unit filename="..\..\radiant\camera\Camera.h" />
		<Unit filename="..\..\radiant\camera\CameraObserver.h" />
		<Unit filename="..\..\radiant\camera\CameraSettings.cpp" />
		<Unit filename="..\..\radiant\camera\CameraSettings.h" />
		<Unit filename="..\..\radiant\camera\FloatingCamWnd.cpp" />
		<Unit filename="..\..\radiant\camera\FloatingCamWnd.h" />
		<Unit filename="..\..\radiant\camera\GlobalCamera.cpp" />
		<Unit filename="..\..\radiant\camera\GlobalCamera.h" />
		<Unit filename="..\..\radiant\camera\RadiantCameraView.h" />
		<Unit filename="..\..\radiant\clipper\ClipPoint.cpp" />
		<Unit filename="..\..\radiant\clipper\ClipPoint.h" />
		<Unit filename="..\..\radiant\clipper\Clipper.cpp" />
		<Unit filename="..\..\radiant\clipper\Clipper.h" />
		<Unit filename="..\..\radiant\darkradiant.rc">
			<Option compilerVar="WINDRES" />
		</Unit>
		<Unit filename="..\..\radiant\entity.cpp" />
		<Unit filename="..\..\radiant\entity.h" />
		<Unit filename="..\..\radiant\gtkdlgs.cpp" />
		<Unit filename="..\..\radiant\gtkdlgs.h" />
		<Unit filename="..\..\radiant\gtkmisc.cpp" />
		<Unit filename="..\..\radiant\gtkmisc.h" />
		<Unit filename="..\..\radiant\layers\AddToLayerWalker.h" />
		<Unit filename="..\..\radiant\layers\LayerCommandTarget.cpp" />
		<Unit filename="..\..\radiant\layers\LayerCommandTarget.h" />
		<Unit filename="..\..\radiant\layers\LayerSystem.cpp" />
		<Unit filename="..\..\radiant\layers\LayerSystem.h" />
		<Unit filename="..\..\radiant\layers\MoveToLayerWalker.h" />
		<Unit filename="..\..\radiant\layers\RemoveFromLayerWalker.h" />
		<Unit filename="..\..\radiant\layers\SetLayerSelectedWalker.h" />
		<Unit filename="..\..\radiant\log\COutRedirector.cpp" />
		<Unit filename="..\..\radiant\log\COutRedirector.h" />
		<Unit filename="..\..\radiant\log\Console.cpp" />
		<Unit filename="..\..\radiant\log\Console.h" />
		<Unit filename="..\..\radiant\log\LogDevice.h" />
		<Unit filename="..\..\radiant\log\LogFile.cpp" />
		<Unit filename="..\..\radiant\log\LogFile.h" />
		<Unit filename="..\..\radiant\log\LogLevels.h" />
		<Unit filename="..\..\radiant\log\LogStream.cpp" />
		<Unit filename="..\..\radiant\log\LogStream.h" />
		<Unit filename="..\..\radiant\log\LogStreamBuf.cpp" />
		<Unit filename="..\..\radiant\log\LogStreamBuf.h" />
		<Unit filename="..\..\radiant\log\LogWriter.cpp" />
		<Unit filename="..\..\radiant\log\LogWriter.h" />
		<Unit filename="..\..\radiant\log\PIDFile.h" />
		<Unit filename="..\..\radiant\log\StringLogDevice.cpp" />
		<Unit filename="..\..\radiant\log\StringLogDevice.h" />
		<Unit filename="..\..\radiant\main.cpp" />
		<Unit filename="..\..\radiant\main.h" />
		<Unit filename="..\..\radiant\mainframe_old.cpp" />
		<Unit filename="..\..\radiant\mainframe_old.h" />
		<Unit filename="..\..\radiant\map\AutoSaver.cpp" />
		<Unit filename="..\..\radiant\map\AutoSaver.h" />
		<Unit filename="..\..\radiant\map\BasicContainer.h" />
		<Unit filename="..\..\radiant\map\CounterManager.h" />
		<Unit filename="..\..\radiant\map\DeferredDraw.h" />
		<Unit filename="..\..\radiant\map\EntityBreakdown.h" />
		<Unit filename="..\..\radiant\map\FindMapElements.cpp" />
		<Unit filename="..\..\radiant\map\FindMapElements.h" />
		<Unit filename="..\..\radiant\map\Map.cpp" />
		<Unit filename="..\..\radiant\map\Map.h" />
		<Unit filename="..\..\radiant\map\MapFileChooserPreview.cpp" />
		<Unit filename="..\..\radiant\map\MapFileChooserPreview.h" />
		<Unit filename="..\..\radiant\map\MapFileManager.cpp" />
		<Unit filename="..\..\radiant\map\MapFileManager.h" />
		<Unit filename="..\..\radiant\map\MapPosition.cpp" />
		<Unit filename="..\..\radiant\map\MapPosition.h" />
		<Unit filename="..\..\radiant\map\MapPositionManager.cpp" />
		<Unit filename="..\..\radiant\map\MapPositionManager.h" />
		<Unit filename="..\..\radiant\map\MapResource.cpp" />
		<Unit filename="..\..\radiant\map\MapResource.h" />
		<Unit filename="..\..\radiant\map\MapResourceManager.cpp" />
		<Unit filename="..\..\radiant\map\MapResourceManager.h" />
		<Unit filename="..\..\radiant\map\ModelBreakdown.h" />
		<Unit filename="..\..\radiant\map\ParentSelectedPrimitivesToEntityWalker.h" />
		<Unit filename="..\..\radiant\map\PointFile.cpp" />
		<Unit filename="..\..\radiant\map\PointFile.h" />
		<Unit filename="..\..\radiant\map\RegionManager.cpp" />
		<Unit filename="..\..\radiant\map\RegionManager.h" />
		<Unit filename="..\..\radiant\map\RegionWalkers.h" />
		<Unit filename="..\..\radiant\map\RootNode.cpp" />
		<Unit filename="..\..\radiant\map\RootNode.h" />
		<Unit filename="..\..\radiant\map\ShaderBreakdown.h" />
		<Unit filename="..\..\radiant\map\StartupMapLoader.cpp" />
		<Unit filename="..\..\radiant\map\StartupMapLoader.h" />
		<Unit filename="..\..\radiant\map\UndoFileChangeTracker.h" />
		<Unit filename="..\..\radiant\map\algorithm\Clone.h" />
		<Unit filename="..\..\radiant\map\algorithm\Merge.h" />
		<Unit filename="..\..\radiant\map\algorithm\Traverse.cpp" />
		<Unit filename="..\..\radiant\map\algorithm\Traverse.h" />
		<Unit filename="..\..\radiant\map\algorithm\WorldspawnArgFinder.h" />
		<Unit filename="..\..\radiant\modulesystem\ApplicationContextImpl.cpp" />
		<Unit filename="..\..\radiant\modulesystem\ApplicationContextImpl.h" />
		<Unit filename="..\..\radiant\modulesystem\DynamicLibrary.cpp" />
		<Unit filename="..\..\radiant\modulesystem\DynamicLibrary.h" />
		<Unit filename="..\..\radiant\modulesystem\DynamicLibraryLoader.cpp" />
		<Unit filename="..\..\radiant\modulesystem\DynamicLibraryLoader.h" />
		<Unit filename="..\..\radiant\modulesystem\ModuleLoader.cpp" />
		<Unit filename="..\..\radiant\modulesystem\ModuleLoader.h" />
		<Unit filename="..\..\radiant\modulesystem\ModuleRegistry.cpp" />
		<Unit filename="..\..\radiant\modulesystem\ModuleRegistry.h" />
		<Unit filename="..\..\radiant\modulesystem\StaticModule.h" />
		<Unit filename="..\..\radiant\namespace\ComplexName.h" />
		<Unit filename="..\..\radiant\namespace\Namespace.cpp" />
		<Unit filename="..\..\radiant\namespace\Namespace.h" />
		<Unit filename="..\..\radiant\namespace\NamespaceFactory.cpp" />
		<Unit filename="..\..\radiant\namespace\NamespaceFactory.h" />
		<Unit filename="..\..\radiant\namespace\PostfixSet.h" />
		<Unit filename="..\..\radiant\namespace\UniqueNameSet.h" />
		<Unit filename="..\..\radiant\patch\Patch.cpp" />
		<Unit filename="..\..\radiant\patch\Patch.h" />
		<Unit filename="..\..\radiant\patch\PatchBezier.cpp" />
		<Unit filename="..\..\radiant\patch\PatchBezier.h" />
		<Unit filename="..\..\radiant\patch\PatchConstants.h" />
		<Unit filename="..\..\radiant\patch\PatchControl.h" />
		<Unit filename="..\..\radiant\patch\PatchControlInstance.h" />
		<Unit filename="..\..\radiant\patch\PatchCreators.h" />
		<Unit filename="..\..\radiant\patch\PatchImportExport.h" />
		<Unit filename="..\..\radiant\patch\PatchModule.cpp" />
		<Unit filename="..\..\radiant\patch\PatchNode.cpp" />
		<Unit filename="..\..\radiant\patch\PatchNode.h" />
		<Unit filename="..\..\radiant\patch\PatchRenderables.h" />
		<Unit filename="..\..\radiant\patch\PatchSavedState.h" />
		<Unit filename="..\..\radiant\patch\PatchSceneWalk.h" />
		<Unit filename="..\..\radiant\patch\PatchTesselation.h" />
		<Unit filename="..\..\radiant\patch\PatchXMLState.h" />
		<Unit filename="..\..\radiant\patchmanip.cpp" />
		<Unit filename="..\..\radiant\patchmanip.h" />
		<Unit filename="..\..\radiant\referencecache.cpp" />
		<Unit filename="..\..\radiant\referencecache.h" />
		<Unit filename="..\..\radiant\referencecache\ModelCache.cpp" />
		<Unit filename="..\..\radiant\referencecache\ModelCache.h" />
		<Unit filename="..\..\radiant\referencecache\NullModel.cpp" />
		<Unit filename="..\..\radiant\referencecache\NullModel.h" />
		<Unit filename="..\..\radiant\referencecache\NullModelLoader.h" />
		<Unit filename="..\..\radiant\referencecache\NullModelNode.cpp" />
		<Unit filename="..\..\radiant\referencecache\NullModelNode.h" />
		<Unit filename="..\..\radiant\render\LinearLightList.h" />
		<Unit filename="..\..\radiant\render\OpenGLModule.cpp" />
		<Unit filename="..\..\radiant\render\OpenGLModule.h" />
		<Unit filename="..\..\radiant\render\OpenGLShaderCache.cpp" />
		<Unit filename="..\..\radiant\render\OpenGLShaderCache.h" />
		<Unit filename="..\..\radiant\render\backend\GLProgramFactory.cpp" />
		<Unit filename="..\..\radiant\render\backend\GLProgramFactory.h" />
		<Unit filename="..\..\radiant\render\backend\OpenGLShader.cpp" />
		<Unit filename="..\..\radiant\render\backend\OpenGLShader.h" />
		<Unit filename="..\..\radiant\render\backend\OpenGLShaderPass.cpp" />
		<Unit filename="..\..\radiant\render\backend\OpenGLShaderPass.h" />
		<Unit filename="..\..\radiant\render\backend\OpenGLStateBucketAdd.h" />
		<Unit filename="..\..\radiant\render\backend\OpenGLStateLess.h" />
		<Unit filename="..\..\radiant\render\backend\OpenGLStateMap.cpp" />
		<Unit filename="..\..\radiant\render\backend\OpenGLStateMap.h" />
		<Unit filename="..\..\radiant\render\backend\glprogram\ARBBumpProgram.h" />
		<Unit filename="..\..\radiant\render\backend\glprogram\ARBDepthFillProgram.h" />
		<Unit filename="..\..\radiant\render\frontend\CullingWalker.h" />
		<Unit filename="..\..\radiant\render\frontend\ForEachVisible.h" />
		<Unit filename="..\..\radiant\render\frontend\RenderHighlighted.h" />
		<Unit filename="..\..\radiant\renderer.h" />
		<Unit filename="..\..\radiant\resource.h" />
		<Unit filename="..\..\radiant\select.cpp" />
		<Unit filename="..\..\radiant\select.h" />
		<Unit filename="..\..\radiant\selection\BestPoint.cpp" />
		<Unit filename="..\..\radiant\selection\BestPoint.h" />
		<Unit filename="..\..\radiant\selection\Device.h" />
		<Unit filename="..\..\radiant\selection\Intersection.cpp" />
		<Unit filename="..\..\radiant\selection\Intersection.h" />
		<Unit filename="..\..\radiant\selection\Manipulatables.cpp" />
		<Unit filename="..\..\radiant\selection\Manipulatables.h" />
		<Unit filename="..\..\radiant\selection\ManipulateObserver.cpp" />
		<Unit filename="..\..\radiant\selection\ManipulateObserver.h" />
		<Unit filename="..\..\radiant\selection\Manipulators.cpp" />
		<Unit filename="..\..\radiant\selection\Manipulators.h" />
		<Unit filename="..\..\radiant\selection\Planes.cpp" />
		<Unit filename="..\..\radiant\selection\Planes.h" />
		<Unit filename="..\..\radiant\selection\RadiantSelectionSystem.cpp" />
		<Unit filename="..\..\radiant\selection\RadiantSelectionSystem.h" />
		<Unit filename="..\..\radiant\selection\RadiantWindowObserver.cpp" />
		<Unit filename="..\..\radiant\selection\RadiantWindowObserver.h" />
		<Unit filename="..\..\radiant\selection\Remap.h" />
		<Unit filename="..\..\radiant\selection\Renderables.h" />
		<Unit filename="..\..\radiant\selection\SceneWalkers.h" />
		<Unit filename="..\..\radiant\selection\SelectObserver.cpp" />
		<Unit filename="..\..\radiant\selection\SelectObserver.h" />
		<Unit filename="..\..\radiant\selection\SelectedNodeList.cpp" />
		<Unit filename="..\..\radiant\selection\SelectedNodeList.h" />
		<Unit filename="..\..\radiant\selection\SelectionBox.h" />
		<Unit filename="..\..\radiant\selection\SelectionTest.cpp" />
		<Unit filename="..\..\radiant\selection\SelectionTest.h" />
		<Unit filename="..\..\radiant\selection\Selectors.h" />
		<Unit filename="..\..\radiant\selection\TransformationVisitors.cpp" />
		<Unit filename="..\..\radiant\selection\TransformationVisitors.h" />
		<Unit filename="..\..\radiant\selection\algorithm\Curves.cpp" />
		<Unit filename="..\..\radiant\selection\algorithm\Curves.h" />
		<Unit filename="..\..\radiant\selection\algorithm\Entity.cpp" />
		<Unit filename="..\..\radiant\selection\algorithm\Entity.h" />
		<Unit filename="..\..\radiant\selection\algorithm\General.cpp" />
		<Unit filename="..\..\radiant\selection\algorithm\General.h" />
		<Unit filename="..\..\radiant\selection\algorithm\Group.cpp" />
		<Unit filename="..\..\radiant\selection\algorithm\Group.h" />
		<Unit filename="..\..\radiant\selection\algorithm\GroupCycle.cpp" />
		<Unit filename="..\..\radiant\selection\algorithm\GroupCycle.h" />
		<Unit filename="..\..\radiant\selection\algorithm\ModelFinder.cpp" />
		<Unit filename="..\..\radiant\selection\algorithm\ModelFinder.h" />
		<Unit filename="..\..\radiant\selection\algorithm\Primitives.cpp" />
		<Unit filename="..\..\radiant\selection\algorithm\Primitives.h" />
		<Unit filename="..\..\radiant\selection\algorithm\SelectionPolicies.h" />
		<Unit filename="..\..\radiant\selection\algorithm\Shader.cpp" />
		<Unit filename="..\..\radiant\selection\algorithm\Shader.h" />
		<Unit filename="..\..\radiant\selection\algorithm\Transformation.cpp" />
		<Unit filename="..\..\radiant\selection\algorithm\Transformation.h" />
		<Unit filename="..\..\radiant\selection\shaderclipboard\ShaderClipboard.cpp" />
		<Unit filename="..\..\radiant\selection\shaderclipboard\ShaderClipboard.h" />
		<Unit filename="..\..\radiant\selection\shaderclipboard\Texturable.cpp" />
		<Unit filename="..\..\radiant\selection\shaderclipboard\Texturable.h" />
		<Unit filename="..\..\radiant\settings\Game.cpp" />
		<Unit filename="..\..\radiant\settings\Game.h" />
		<Unit filename="..\..\radiant\settings\GameFileLoader.cpp" />
		<Unit filename="..\..\radiant\settings\GameFileLoader.h" />
		<Unit filename="..\..\radiant\settings\GameManager.cpp" />
		<Unit filename="..\..\radiant\settings\GameManager.h" />
		<Unit filename="..\..\radiant\settings\PreferenceSystem.cpp" />
		<Unit filename="..\..\radiant\settings\PreferenceSystem.h" />
		<Unit filename="..\..\radiant\settings\Win32Registry.cpp" />
		<Unit filename="..\..\radiant\settings\Win32Registry.h" />
		<Unit filename="..\..\radiant\textool\Rectangle.h" />
		<Unit filename="..\..\radiant\textool\RenderableItem.h" />
		<Unit filename="..\..\radiant\textool\Selectable.h" />
		<Unit filename="..\..\radiant\textool\TexTool.cpp" />
		<Unit filename="..\..\radiant\textool\TexTool.h" />
		<Unit filename="..\..\radiant\textool\TexToolItem.cpp" />
		<Unit filename="..\..\radiant\textool\TexToolItem.h" />
		<Unit filename="..\..\radiant\textool\Transformable.h" />
		<Unit filename="..\..\radiant\textool\item\BrushItem.cpp" />
		<Unit filename="..\..\radiant\textool\item\BrushItem.h" />
		<Unit filename="..\..\radiant\textool\item\FaceItem.cpp" />
		<Unit filename="..\..\radiant\textool\item\FaceItem.h" />
		<Unit filename="..\..\radiant\textool\item\PatchItem.cpp" />
		<Unit filename="..\..\radiant\textool\item\PatchItem.h" />
		<Unit filename="..\..\radiant\textool\item\PatchVertexItem.cpp" />
		<Unit filename="..\..\radiant\textool\item\PatchVertexItem.h" />
		<Unit filename="..\..\radiant\timer.cpp" />
		<Unit filename="..\..\radiant\timer.h" />
		<Unit filename="..\..\radiant\ui\about\AboutDialog.cpp" />
		<Unit filename="..\..\radiant\ui\about\AboutDialog.h" />
		<Unit filename="..\..\radiant\ui\commandlist\CommandList.cpp" />
		<Unit filename="..\..\radiant\ui\commandlist\CommandList.h" />
		<Unit filename="..\..\radiant\ui\commandlist\CommandListPopulator.h" />
		<Unit filename="..\..\radiant\ui\commandlist\ShortcutChooser.cpp" />
		<Unit filename="..\..\radiant\ui\commandlist\ShortcutChooser.h" />
		<Unit filename="..\..\radiant\ui\common\CommandEntry.cpp" />
		<Unit filename="..\..\radiant\ui\common\CommandEntry.h" />
		<Unit filename="..\..\radiant\ui\common\MapPreview.cpp" />
		<Unit filename="..\..\radiant\ui\common\MapPreview.h" />
		<Unit filename="..\..\radiant\ui\common\MapPreviewView.h" />
		<Unit filename="..\..\radiant\ui\common\ModelPreview.cpp" />
		<Unit filename="..\..\radiant\ui\common\ModelPreview.h" />
		<Unit filename="..\..\radiant\ui\common\ModelPreviewRenderer.h" />
		<Unit filename="..\..\radiant\ui\common\RenderableAABB.cpp" />
		<Unit filename="..\..\radiant\ui\common\RenderableAABB.h" />
		<Unit filename="..\..\radiant\ui\common\ShaderChooser.cpp" />
		<Unit filename="..\..\radiant\ui\common\ShaderChooser.h" />
		<Unit filename="..\..\radiant\ui\common\ShaderSelector.cpp" />
		<Unit filename="..\..\radiant\ui\common\ShaderSelector.h" />
		<Unit filename="..\..\radiant\ui\common\SoundShaderPreview.cpp" />
		<Unit filename="..\..\radiant\ui\common\SoundShaderPreview.h" />
		<Unit filename="..\..\radiant\ui\common\TexturePreviewCombo.cpp" />
		<Unit filename="..\..\radiant\ui\common\TexturePreviewCombo.h" />
		<Unit filename="..\..\radiant\ui\einspector\AddPropertyDialog.cpp" />
		<Unit filename="..\..\radiant\ui\einspector\AddPropertyDialog.h" />
		<Unit filename="..\..\radiant\ui\einspector\BooleanPropertyEditor.cpp" />
		<Unit filename="..\..\radiant\ui\einspector\BooleanPropertyEditor.h" />
		<Unit filename="..\..\radiant\ui\einspector\ClassnamePropertyEditor.cpp" />
		<Unit filename="..\..\radiant\ui\einspector\ClassnamePropertyEditor.h" />
		<Unit filename="..\..\radiant\ui\einspector\ColourPropertyEditor.cpp" />
		<Unit filename="..\..\radiant\ui\einspector\ColourPropertyEditor.h" />
		<Unit filename="..\..\radiant\ui\einspector\ComboBoxPropertyEditor.cpp" />
		<Unit filename="..\..\radiant\ui\einspector\ComboBoxPropertyEditor.h" />
		<Unit filename="..\..\radiant\ui\einspector\EntityInspector.cpp" />
		<Unit filename="..\..\radiant\ui\einspector\EntityInspector.h" />
		<Unit filename="..\..\radiant\ui\einspector\EntityPropertyEditor.cpp" />
		<Unit filename="..\..\radiant\ui\einspector\EntityPropertyEditor.h" />
		<Unit filename="..\..\radiant\ui\einspector\FloatPropertyEditor.cpp" />
		<Unit filename="..\..\radiant\ui\einspector\FloatPropertyEditor.h" />
		<Unit filename="..\..\radiant\ui\einspector\LightTextureChooser.cpp" />
		<Unit filename="..\..\radiant\ui\einspector\LightTextureChooser.h" />
		<Unit filename="..\..\radiant\ui\einspector\ModelPropertyEditor.cpp" />
		<Unit filename="..\..\radiant\ui\einspector\ModelPropertyEditor.h" />
		<Unit filename="..\..\radiant\ui\einspector\PropertyEditor.cpp" />
		<Unit filename="..\..\radiant\ui\einspector\PropertyEditor.h" />
		<Unit filename="..\..\radiant\ui\einspector\PropertyEditorFactory.cpp" />
		<Unit filename="..\..\radiant\ui\einspector\PropertyEditorFactory.h" />
		<Unit filename="..\..\radiant\ui\einspector\SkinChooser.cpp" />
		<Unit filename="..\..\radiant\ui\einspector\SkinChooser.h" />
		<Unit filename="..\..\radiant\ui\einspector\SkinPropertyEditor.cpp" />
		<Unit filename="..\..\radiant\ui\einspector\SkinPropertyEditor.h" />
		<Unit filename="..\..\radiant\ui\einspector\SoundChooser.cpp" />
		<Unit filename="..\..\radiant\ui\einspector\SoundChooser.h" />
		<Unit filename="..\..\radiant\ui\einspector\SoundPropertyEditor.cpp" />
		<Unit filename="..\..\radiant\ui\einspector\SoundPropertyEditor.h" />
		<Unit filename="..\..\radiant\ui\einspector\TexturePropertyEditor.cpp" />
		<Unit filename="..\..\radiant\ui\einspector\TexturePropertyEditor.h" />
		<Unit filename="..\..\radiant\ui\einspector\Vector3PropertyEditor.cpp" />
		<Unit filename="..\..\radiant\ui\einspector\Vector3PropertyEditor.h" />
		<Unit filename="..\..\radiant\ui\entitychooser\EntityClassChooser.cpp" />
		<Unit filename="..\..\radiant\ui\entitychooser\EntityClassChooser.h" />
		<Unit filename="..\..\radiant\ui\entitychooser\EntityClassTreePopulator.cpp" />
		<Unit filename="..\..\radiant\ui\entitychooser\EntityClassTreePopulator.h" />
		<Unit filename="..\..\radiant\ui\filterdialog\Filter.h" />
		<Unit filename="..\..\radiant\ui\filterdialog\FilterDialog.cpp" />
		<Unit filename="..\..\radiant\ui\filterdialog\FilterDialog.h" />
		<Unit filename="..\..\radiant\ui\filterdialog\FilterEditor.cpp" />
		<Unit filename="..\..\radiant\ui\filterdialog\FilterEditor.h" />
		<Unit filename="..\..\radiant\ui\findshader\FindShader.cpp" />
		<Unit filename="..\..\radiant\ui\findshader\FindShader.h" />
		<Unit filename="..\..\radiant\ui\layers\LayerContextMenu.cpp" />
		<Unit filename="..\..\radiant\ui\layers\LayerContextMenu.h" />
		<Unit filename="..\..\radiant\ui\layers\LayerControl.cpp" />
		<Unit filename="..\..\radiant\ui\layers\LayerControl.h" />
		<Unit filename="..\..\radiant\ui\layers\LayerControlDialog.cpp" />
		<Unit filename="..\..\radiant\ui\layers\LayerControlDialog.h" />
		<Unit filename="..\..\radiant\ui\lightinspector\LightInspector.cpp" />
		<Unit filename="..\..\radiant\ui\lightinspector\LightInspector.h" />
		<Unit filename="..\..\radiant\ui\mainframe\EmbeddedLayout.cpp" />
		<Unit filename="..\..\radiant\ui\mainframe\EmbeddedLayout.h" />
		<Unit filename="..\..\radiant\ui\mainframe\FloatingLayout.cpp" />
		<Unit filename="..\..\radiant\ui\mainframe\FloatingLayout.h" />
		<Unit filename="..\..\radiant\ui\mainframe\LayoutCommand.h" />
		<Unit filename="..\..\radiant\ui\mainframe\MainFrame.cpp" />
		<Unit filename="..\..\radiant\ui\mainframe\MainFrame.h" />
		<Unit filename="..\..\radiant\ui\mainframe\MainFrameLayoutManager.cpp" />
		<Unit filename="..\..\radiant\ui\mainframe\MainFrameLayoutManager.h" />
		<Unit filename="..\..\radiant\ui\mainframe\RegularLayout.cpp" />
		<Unit filename="..\..\radiant\ui\mainframe\RegularLayout.h" />
		<Unit filename="..\..\radiant\ui\mainframe\ScreenUpdateBlocker.cpp" />
		<Unit filename="..\..\radiant\ui\mainframe\ScreenUpdateBlocker.h" />
		<Unit filename="..\..\radiant\ui\mainframe\SplitPaneLayout.cpp" />
		<Unit filename="..\..\radiant\ui\mainframe\SplitPaneLayout.h" />
		<Unit filename="..\..\radiant\ui\mapinfo\EntityInfoTab.cpp" />
		<Unit filename="..\..\radiant\ui\mapinfo\EntityInfoTab.h" />
		<Unit filename="..\..\radiant\ui\mapinfo\MapInfoDialog.cpp" />
		<Unit filename="..\..\radiant\ui\mapinfo\MapInfoDialog.h" />
		<Unit filename="..\..\radiant\ui\mapinfo\ModelInfoTab.cpp" />
		<Unit filename="..\..\radiant\ui\mapinfo\ModelInfoTab.h" />
		<Unit filename="..\..\radiant\ui\mapinfo\ShaderInfoTab.cpp" />
		<Unit filename="..\..\radiant\ui\mapinfo\ShaderInfoTab.h" />
		<Unit filename="..\..\radiant\ui\mediabrowser\MediaBrowser.cpp" />
		<Unit filename="..\..\radiant\ui\mediabrowser\MediaBrowser.h" />
		<Unit filename="..\..\radiant\ui\mediabrowser\TextureDirectoryLoader.h" />
		<Unit filename="..\..\radiant\ui\menu\FiltersMenu.cpp" />
		<Unit filename="..\..\radiant\ui\menu\FiltersMenu.h" />
		<Unit filename="..\..\radiant\ui\modelselector\ModelDataInserter.h" />
		<Unit filename="..\..\radiant\ui\modelselector\ModelFileFunctor.h" />
		<Unit filename="..\..\radiant\ui\modelselector\ModelSelector.cpp" />
		<Unit filename="..\..\radiant\ui\modelselector\ModelSelector.h" />
		<Unit filename="..\..\radiant\ui\mru\MRU.cpp" />
		<Unit filename="..\..\radiant\ui\mru\MRU.h" />
		<Unit filename="..\..\radiant\ui\mru\MRUList.h" />
		<Unit filename="..\..\radiant\ui\mru\MRUMenuItem.cpp" />
		<Unit filename="..\..\radiant\ui\mru\MRUMenuItem.h" />
		<Unit filename="..\..\radiant\ui\ortho\OrthoContextMenu.cpp" />
		<Unit filename="..\..\radiant\ui\ortho\OrthoContextMenu.h" />
		<Unit filename="..\..\radiant\ui\overlay\Overlay.cpp" />
		<Unit filename="..\..\radiant\ui\overlay\Overlay.h" />
		<Unit filename="..\..\radiant\ui\overlay\OverlayDialog.cpp" />
		<Unit filename="..\..\radiant\ui\overlay\OverlayDialog.h" />
		<Unit filename="..\..\radiant\ui\overlay\OverlayRegistryKeys.h" />
		<Unit filename="..\..\radiant\ui\particles\ParticlesChooser.cpp" />
		<Unit filename="..\..\radiant\ui\particles\ParticlesChooser.h" />
		<Unit filename="..\..\radiant\ui\particles\ParticlesVisitor.h" />
		<Unit filename="..\..\radiant\ui\patch\BulgePatchDialog.cpp" />
		<Unit filename="..\..\radiant\ui\patch\BulgePatchDialog.h" />
		<Unit filename="..\..\radiant\ui\patch\PatchCreateDialog.cpp" />
		<Unit filename="..\..\radiant\ui\patch\PatchCreateDialog.h" />
		<Unit filename="..\..\radiant\ui\patch\PatchInspector.cpp" />
		<Unit filename="..\..\radiant\ui\patch\PatchInspector.h" />
		<Unit filename="..\..\radiant\ui\patch\PatchThickenDialog.cpp" />
		<Unit filename="..\..\radiant\ui\patch\PatchThickenDialog.h" />
		<Unit filename="..\..\radiant\ui\prefdialog\PrefDialog.cpp" />
		<Unit filename="..\..\radiant\ui\prefdialog\PrefDialog.h" />
		<Unit filename="..\..\radiant\ui\prefdialog\PrefPage.cpp" />
		<Unit filename="..\..\radiant\ui\prefdialog\PrefPage.h" />
		<Unit filename="..\..\radiant\ui\prefdialog\PrefPageWalkers.h" />
		<Unit filename="..\..\radiant\ui\splash\Splash.cpp" />
		<Unit filename="..\..\radiant\ui\splash\Splash.h" />
		<Unit filename="..\..\radiant\ui\surfaceinspector\SurfaceInspector.cpp" />
		<Unit filename="..\..\radiant\ui\surfaceinspector\SurfaceInspector.h" />
		<Unit filename="..\..\radiant\ui\texturebrowser\TextureBrowser.cpp" />
		<Unit filename="..\..\radiant\ui\texturebrowser\TextureBrowser.h" />
		<Unit filename="..\..\radiant\ui\transform\TransformDialog.cpp" />
		<Unit filename="..\..\radiant\ui\transform\TransformDialog.h" />
		<Unit filename="..\..\radiant\view.cpp" />
		<Unit filename="..\..\radiant\view.h" />
		<Unit filename="..\..\radiant\windowobservers.cpp" />
		<Unit filename="..\..\radiant\windowobservers.h" />
		<Unit filename="..\..\radiant\xyview\FloatingOrthoView.h" />
		<Unit filename="..\..\radiant\xyview\GlobalXYWnd.cpp" />
		<Unit filename="..\..\radiant\xyview\GlobalXYWnd.h" />
		<Unit filename="..\..\radiant\xyview\XYRenderer.h" />
		<Unit filename="..\..\radiant\xyview\XYWnd.cpp" />
		<Unit filename="..\..\radiant\xyview\XYWnd.h" />
		<Extensions>
			<code_completion />
			<debugger />
			<envvars />
		</Extensions>
	</Project>
</CodeBlocks_project_file>
