<?xml version="1.0" encoding="UTF-8" standalone="yes" ?>
<CodeBlocks_project_file>
	<FileVersion major="1" minor="6" />
	<Project>
		<Option title="eclasstree" />
		<Option pch_mode="2" />
		<Option compiler="msvc8" />
		<Build>
			<Target title="Debug Win32">
				<Option platforms="Windows;" />
				<Option output="..\..\install\plugins\$(PROJECT_NAME)" prefix_auto="1" extension_auto="1" />
				<Option object_output="..\..\build\$(PROJECT_NAME)\$(TARGET_NAME)" />
				<Option external_deps="..\..\build\libs\$(TARGET_NAME)\gtkutillib.lib;..\..\build\libs\$(TARGET_NAME)\libxml2.lib;..\..\build\libs\$(TARGET_NAME)\xmlutillib.lib;" />
				<Option type="3" />
				<Option compiler="msvc8" />
				<Option createDefFile="1" />
				<Option createStaticLib="1" />
				<Compiler>
					<Add option="/MDd" />
					<Add option="/TP" />
					<Add option="/Gd" />
					<Add option="/Gm" />
					<Add option="/fp:precise" />
					<Add option="/EHs" />
					<Add option="/GF" />
					<Add option="/Od" />
					<Add option="/W3" />
					<Add option="/Zi /D_DEBUG" />
					<Add option="/GS-" />
					<Add option='/Fd&quot;..\..\build\$(PROJECT_NAME)\$(TARGET_NAME)\vc80.pdb&quot;' />
					<Add option="/wd4610 /wd4510 /wd4512 /wd4505 /wd4100 /wd4127 /wd4996" />
					<Add option="/D_CRT_SECURE_NO_DEPRECATE" />
					<Add option="/DWIN32" />
					<Add option="/D_WINDLL" />
					<Add option="/D_MBCS" />
				</Compiler>
				<Linker>
					<Add option="/DEBUG" />
					<Add option="/INCREMENTAL:NO" />
					<Add option="/NOLOGO" />
					<Add option="/DLL" />
					<Add option="/MANIFEST" />
					<Add option='/MANIFESTFILE:&quot;..\..\build\$(PROJECT_NAME)\$(TARGET_NAME)\$(PROJECT_NAME).dll.intermediate.manifest&quot;' />
					<Add option='/DEF:&quot;../../plugins/$(PROJECT_NAME)/$(PROJECT_NAME).def&quot;' />
					<Add option='/PDB:&quot;..\..\install\plugins\$(PROJECT_NAME).pdb&quot;' />
					<Add option="/SUBSYSTEM:WINDOWS" />
					<Add option="/MACHINE:X86" />
					<Add option="/ERRORREPORT:PROMPT" />
					<Add library="gtkutillib" />
					<Add library="xmlutillib" />
					<Add library="libxml2" />
					<Add library="glib-2.0" />
					<Add library="gtk-win32-2.0" />
					<Add library="gdk-win32-2.0" />
					<Add library="gobject-2.0" />
					<Add library="gdk_pixbuf-2.0" />
				</Linker>
			</Target>
			<Target title="Release Win32">
				<Option platforms="Windows;" />
				<Option output="..\..\install\plugins\$(PROJECT_NAME)" prefix_auto="1" extension_auto="1" />
				<Option object_output="..\..\build\$(PROJECT_NAME)\$(TARGET_NAME)" />
				<Option external_deps="..\..\build\libs\$(TARGET_NAME)\gtkutillib.lib;..\..\build\libs\$(TARGET_NAME)\libxml2.lib;..\..\build\libs\$(TARGET_NAME)\xmlutillib.lib;" />
				<Option type="3" />
				<Option compiler="msvc8" />
				<Option createDefFile="1" />
				<Option createStaticLib="1" />
				<Compiler>
					<Add option="/MD" />
					<Add option="/TP" />
					<Add option="/Gd" />
					<Add option="/GL" />
					<Add option="/fp:precise" />
					<Add option="/EHc" />
					<Add option="/EHs" />
					<Add option="/GF" />
					<Add option="/Ob" />
					<Add option="/Oi" />
					<Add option="/Ot" />
					<Add option="/O2" />
					<Add option="/W4" />
					<Add option="/Zi" />
					<Add option="/GS-" />
					<Add option='/Fd&quot;..\..\build\$(PROJECT_NAME)\$(TARGET_NAME)\vc80.pdb&quot;' />
					<Add option="/wd4610 /wd4510 /wd4512 /wd4505 /wd4100 /wd4127 /wd4996" />
					<Add option="/D_CRT_SECURE_NO_DEPRECATE" />
					<Add option="/DWIN32" />
					<Add option="/D_WINDLL" />
					<Add option="/D_MBCS" />
				</Compiler>
				<Linker>
					<Add option="/INCREMENTAL:NO" />
					<Add option="/NOLOGO" />
					<Add option="/DLL" />
					<Add option="/MANIFEST" />
					<Add option='/MANIFESTFILE:&quot;..\..\build\$(PROJECT_NAME)\$(TARGET_NAME)\$(PROJECT_NAME).dll.intermediate.manifest&quot;' />
					<Add option='/DEF:&quot;../../plugins/$(PROJECT_NAME)/$(PROJECT_NAME).def&quot;' />
					<Add option='/PDB:&quot;..\..\install\plugins\$(PROJECT_NAME).pdb&quot;' />
					<Add option="/SUBSYSTEM:WINDOWS" />
					<Add option="/OPT:REF" />
					<Add option="/OPT:ICF" />
					<Add option="/LTCG" />
					<Add option="/MACHINE:X86" />
					<Add option="/ERRORREPORT:PROMPT" />
					<Add library="gtkutillib" />
					<Add library="xmlutillib" />
					<Add library="libxml2" />
					<Add library="glib-2.0" />
					<Add library="gtk-win32-2.0" />
					<Add library="gdk-win32-2.0" />
					<Add library="gobject-2.0" />
					<Add library="gdk_pixbuf-2.0" />
				</Linker>
			</Target>
			<Target title="Clean Install Win32">
				<Option platforms="Windows;" />
				<Option type="4" />
				<Option compiler="msvc8" />
				<ExtraCommands>
					<Add before='cmd /C &quot;del ..\..\install\plugins\$(PROJECT_NAME).* /F /Q &amp; exit 0&quot;' />
				</ExtraCommands>
			</Target>
		</Build>
		<Compiler>
			<Add directory="..\..\include" />
			<Add directory="..\..\libs" />
			<Add directory="$(#boost.include)" />
			<Add directory="$(#libxml2.include)" />
			<Add directory="$(#gtk2.include)\gtk-2.0" />
			<Add directory="$(#gtk2.include)\atk-1.0" />
			<Add directory="$(#gtk2.include)\glib-2.0" />
			<Add directory="$(#gtk2.include)\cairo" />
			<Add directory="$(#gtk2.include)\pango-1.0" />
			<Add directory="$(#gtk2.lib)\glib-2.0\include" />
			<Add directory="$(#gtk2.lib)\gtk-2.0\include" />
			<Add directory="$(#glew.include)" />
			<Add directory="$(#win_iconv.include)" />
		</Compiler>
		<Linker>
			<Add directory="..\..\build\libs\$(TARGET_NAME)" />
			<Add directory="$(#gtk2.lib)" />
			<Add directory="$(#libxml2.lib)" />
			<Add directory="$(#boost.lib)" />
		</Linker>
		<Unit filename="..\..\plugins\eclasstree\EClassTree.cpp">
			<Option target="Debug Win32" />
			<Option target="Release Win32" />
		</Unit>
		<Unit filename="..\..\plugins\eclasstree\EClassTree.h">
			<Option target="Debug Win32" />
			<Option target="Release Win32" />
		</Unit>
		<Unit filename="..\..\plugins\eclasstree\EClassTreeBuilder.cpp">
			<Option target="Debug Win32" />
			<Option target="Release Win32" />
		</Unit>
		<Unit filename="..\..\plugins\eclasstree\EClassTreeBuilder.h">
			<Option target="Debug Win32" />
			<Option target="Release Win32" />
		</Unit>
		<Unit filename="..\..\plugins\eclasstree\eclasstree.def">
			<Option target="Debug Win32" />
			<Option target="Release Win32" />
		</Unit>
		<Unit filename="..\..\plugins\eclasstree\plugin.cpp">
			<Option target="Debug Win32" />
			<Option target="Release Win32" />
		</Unit>
		<Extensions>
			<code_completion />
			<debugger />
			<envvars />
		</Extensions>
	</Project>
</CodeBlocks_project_file>
