<?xml version="1.0" encoding="UTF-8" standalone="yes" ?>
<CodeBlocks_project_file>
	<FileVersion major="1" minor="6" />
	<Project>
		<Option title="gtkutillib" />
		<Option pch_mode="2" />
		<Option compiler="msvc8" />
		<Build>
			<Target title="Debug Win32">
				<Option platforms="Windows;" />
				<Option output="../../build/libs/$(TARGET_NAME)/$(PROJECT_NAME)" prefix_auto="1" extension_auto="1" />
				<Option working_dir="" />
				<Option object_output="../../build/$(PROJECT_NAME)/$(TARGET_NAME)" />
				<Option type="2" />
				<Option compiler="msvc8" />
				<Option createDefFile="1" />
				<Compiler>
					<Add option="/MDd" />
					<Add option="/TP" />
					<Add option="/Gd" />
					<Add option="/fp:precise" />
					<Add option="/EHc" />
					<Add option="/EHs" />
					<Add option="/O2" />
					<Add option="/W3" />
					<Add option="/Zi /D_DEBUG" />
					<Add option='/Fd&quot;..\..\build\$(PROJECT_NAME)\$(TARGET_NAME)\vc80.pdb&quot;' />
					<Add option="/DWIN32" />
				</Compiler>
				<Linker>
					<Add option="/DEBUG" />
				</Linker>
			</Target>
			<Target title="Release Win32">
				<Option platforms="Windows;" />
				<Option output="../../build/libs/$(TARGET_NAME)/$(PROJECT_NAME)" prefix_auto="1" extension_auto="1" />
				<Option working_dir="" />
				<Option object_output="../../build/$(PROJECT_NAME)/$(TARGET_NAME)" />
				<Option type="2" />
				<Option compiler="msvc8" />
				<Option createDefFile="1" />
				<Compiler>
					<Add option="/MD" />
					<Add option="/TP" />
					<Add option="/Gd" />
					<Add option="/fp:precise" />
					<Add option="/EHc" />
					<Add option="/EHs" />
					<Add option="/O2" />
					<Add option="/W3" />
					<Add option="/Zi" />
					<Add option='/Fd&quot;..\..\build\$(PROJECT_NAME)\$(TARGET_NAME)\vc80.pdb&quot;' />
					<Add option="/DWIN32" />
				</Compiler>
			</Target>
		</Build>
		<Compiler>
			<Add option="/EHc" />
			<Add option="/EHs" />
			<Add directory="../../include" />
			<Add directory="../../libs" />
			<Add directory="$(#boost.include)" />
			<Add directory="$(#libxml2.include)" />
			<Add directory="$(#gtk2.include)/gtk-2.0" />
			<Add directory="$(#gtk2.include)/atk-1.0" />
			<Add directory="$(#gtk2.include)/glib-2.0" />
			<Add directory="$(#gtk2.include)/cairo" />
			<Add directory="$(#gtk2.include)/pango-1.0" />
			<Add directory="$(#gtk2.lib)/glib-2.0/include" />
			<Add directory="$(#gtk2.lib)/gtk-2.0/include" />
			<Add directory="$(#glew.include)" />
			<Add directory="$(#win_iconv.include)" />
			<Add directory="$(#gtkglext)" />
			<Add directory="$(#gtk2.lib)/gtkglext-1.0/include" />
		</Compiler>
		<Unit filename="../../libs/gtkutil/ConsoleView.cpp" />
		<Unit filename="../../libs/gtkutil/ConsoleView.h" />
		<Unit filename="../../libs/gtkutil/ControlButton.h" />
		<Unit filename="../../libs/gtkutil/DeferredAdjustment.cpp" />
		<Unit filename="../../libs/gtkutil/DeferredAdjustment.h" />
		<Unit filename="../../libs/gtkutil/EntryAbortedException.h" />
		<Unit filename="../../libs/gtkutil/FramedWidget.h" />
		<Unit filename="../../libs/gtkutil/GLWidget.cpp" />
		<Unit filename="../../libs/gtkutil/GLWidget.h" />
		<Unit filename="../../libs/gtkutil/GLWidgetSentry.h" />
		<Unit filename="../../libs/gtkutil/IConv.h" />
		<Unit filename="../../libs/gtkutil/IconTextButton.h" />
		<Unit filename="../../libs/gtkutil/IconTextColumn.h" />
		<Unit filename="../../libs/gtkutil/IconTextMenuItem.h" />
		<Unit filename="../../libs/gtkutil/IconTextMenuToggle.h" />
		<Unit filename="../../libs/gtkutil/LeftAlignedLabel.h" />
		<Unit filename="../../libs/gtkutil/LeftAlignment.h" />
		<Unit filename="../../libs/gtkutil/MenuItemAccelerator.cpp" />
		<Unit filename="../../libs/gtkutil/MenuItemAccelerator.h" />
		<Unit filename="../../libs/gtkutil/ModalProgressDialog.cpp" />
		<Unit filename="../../libs/gtkutil/ModalProgressDialog.h" />
		<Unit filename="../../libs/gtkutil/Paned.h" />
		<Unit filename="../../libs/gtkutil/PanedPosition.cpp" />
		<Unit filename="../../libs/gtkutil/PanedPosition.h" />
		<Unit filename="../../libs/gtkutil/RegistryConnector.cpp" />
		<Unit filename="../../libs/gtkutil/RegistryConnector.h" />
		<Unit filename="../../libs/gtkutil/RightAlignedLabel.h" />
		<Unit filename="../../libs/gtkutil/RightAlignment.h" />
		<Unit filename="../../libs/gtkutil/ScrolledFrame.h" />
		<Unit filename="../../libs/gtkutil/SeparatorMenuItem.h" />
		<Unit filename="../../libs/gtkutil/SerialisableWidgets.cpp" />
		<Unit filename="../../libs/gtkutil/SerialisableWidgets.h" />
		<Unit filename="../../libs/gtkutil/StockIconMenuItem.h" />
		<Unit filename="../../libs/gtkutil/TextButton.h" />
		<Unit filename="../../libs/gtkutil/TextColumn.h" />
		<Unit filename="../../libs/gtkutil/TextMenuItem.h" />
		<Unit filename="../../libs/gtkutil/TextMenuItemToggle.h" />
		<Unit filename="../../libs/gtkutil/Timer.cpp" />
		<Unit filename="../../libs/gtkutil/Timer.h" />
		<Unit filename="../../libs/gtkutil/TreeModel.cpp" />
		<Unit filename="../../libs/gtkutil/TreeModel.h" />
		<Unit filename="../../libs/gtkutil/VFSTreePopulator.cpp" />
		<Unit filename="../../libs/gtkutil/VFSTreePopulator.h" />
		<Unit filename="../../libs/gtkutil/WindowPosition.cpp" />
		<Unit filename="../../libs/gtkutil/WindowPosition.h" />
		<Unit filename="../../libs/gtkutil/clipboard.cpp" />
		<Unit filename="../../libs/gtkutil/clipboard.h" />
		<Unit filename="../../libs/gtkutil/cursor.cpp" />
		<Unit filename="../../libs/gtkutil/cursor.h" />
		<Unit filename="../../libs/gtkutil/dialog.cpp" />
		<Unit filename="../../libs/gtkutil/dialog.h" />
		<Unit filename="../../libs/gtkutil/event/SingleIdleCallback.h" />
		<Unit filename="../../libs/gtkutil/filechooser.cpp" />
		<Unit filename="../../libs/gtkutil/filechooser.h" />
		<Unit filename="../../libs/gtkutil/glfont.cpp" />
		<Unit filename="../../libs/gtkutil/glfont.h" />
		<Unit filename="../../libs/gtkutil/idledraw.cpp" />
		<Unit filename="../../libs/gtkutil/idledraw.h" />
		<Unit filename="../../libs/gtkutil/ifc/EditorWidget.h" />
		<Unit filename="../../libs/gtkutil/ifc/Widget.h" />
		<Unit filename="../../libs/gtkutil/menu/PopupMenu.cpp" />
		<Unit filename="../../libs/gtkutil/menu/PopupMenu.h" />
		<Unit filename="../../libs/gtkutil/messagebox.cpp" />
		<Unit filename="../../libs/gtkutil/messagebox.h" />
		<Unit filename="../../libs/gtkutil/nonmodal.cpp" />
		<Unit filename="../../libs/gtkutil/nonmodal.h" />
		<Unit filename="../../libs/gtkutil/pointer.cpp" />
		<Unit filename="../../libs/gtkutil/pointer.h" />
		<Unit filename="../../libs/gtkutil/widget.cpp" />
		<Unit filename="../../libs/gtkutil/widget.h" />
		<Unit filename="../../libs/gtkutil/window.cpp" />
		<Unit filename="../../libs/gtkutil/window.h" />
		<Unit filename="../../libs/gtkutil/window/BlockingTransientWindow.h" />
		<Unit filename="../../libs/gtkutil/window/PersistentTransientWindow.cpp" />
		<Unit filename="../../libs/gtkutil/window/PersistentTransientWindow.h" />
		<Unit filename="../../libs/gtkutil/window/TransientWindow.h" />
		<Unit filename="../../libs/gtkutil/xorrectangle.cpp" />
		<Unit filename="../../libs/gtkutil/xorrectangle.h" />
		<Extensions>
			<code_completion />
			<debugger />
			<envvars />
		</Extensions>
	</Project>
</CodeBlocks_project_file>
