Microsoft Visual Studio Solution File, Format Version 12.00
# Visual Studio Version 17
VisualStudioVersion = 17.9.34728.123
MinimumVisualStudioVersion = 10.0.40219.1
Project("{8BC9CEB8-8B4A-11D0-8D11-00A0C91BC942}") = "DarkRadiant", "tools\msvc\DarkRadiant.vcxproj", "{8E70385C-223A-4DD1-9B99-28FF2331A2B5}"
	ProjectSection(ProjectDependencies) = postProject
		{0D4BE190-97F4-4DB9-BEAB-B0196868EC0A} = {0D4BE190-97F4-4DB9-BEAB-B0196868EC0A}
	EndProjectSection
EndProject
Project("{8BC9CEB8-8B4A-11D0-8D11-00A0C91BC942}") = "mathlib", "tools\msvc\mathlib.vcxproj", "{3C9FB5AA-7118-476E-B33D-D3AC1C8412BB}"
	ProjectSection(ProjectDependencies) = postProject
		{0D4BE190-97F4-4DB9-BEAB-B0196868EC0A} = {0D4BE190-97F4-4DB9-BEAB-B0196868EC0A}
	EndProjectSection
EndProject
Project("{8BC9CEB8-8B4A-11D0-8D11-00A0C91BC942}") = "xmlutillib", "tools\msvc\xmlutillib.vcxproj", "{A15EFB56-927F-411D-A57B-0328321456A2}"
	ProjectSection(ProjectDependencies) = postProject
		{0D4BE190-97F4-4DB9-BEAB-B0196868EC0A} = {0D4BE190-97F4-4DB9-BEAB-B0196868EC0A}
	EndProjectSection
EndProject
Project("{8BC9CEB8-8B4A-11D0-8D11-00A0C91BC942}") = "wxutillib", "tools\msvc\wxutillib.vcxproj", "{B6D4B38A-0C39-42CD-8193-75979E1F4D68}"
	ProjectSection(ProjectDependencies) = postProject
		{0D4BE190-97F4-4DB9-BEAB-B0196868EC0A} = {0D4BE190-97F4-4DB9-BEAB-B0196868EC0A}
		{3C9FB5AA-7118-476E-B33D-D3AC1C8412BB} = {3C9FB5AA-7118-476E-B33D-D3AC1C8412BB}
		{F7408B46-E4A9-470C-9731-9A1564247385} = {F7408B46-E4A9-470C-9731-9A1564247385}
	EndProjectSection
EndProject
Project("{8BC9CEB8-8B4A-11D0-8D11-00A0C91BC942}") = "sound", "tools\msvc\sound.vcxproj", "{1482AAB4-40B6-44C0-9FD8-AF80C18A5E7F}"
	ProjectSection(ProjectDependencies) = postProject
		{0D4BE190-97F4-4DB9-BEAB-B0196868EC0A} = {0D4BE190-97F4-4DB9-BEAB-B0196868EC0A}
		{B6D4B38A-0C39-42CD-8193-75979E1F4D68} = {B6D4B38A-0C39-42CD-8193-75979E1F4D68}
	EndProjectSection
EndProject
Project("{8BC9CEB8-8B4A-11D0-8D11-00A0C91BC942}") = "dm.stimresponse", "tools\msvc\dm.stimresponse.vcxproj", "{EE9A3B61-58E0-4AA4-8942-6CFCBFAACC3F}"
	ProjectSection(ProjectDependencies) = postProject
		{0D4BE190-97F4-4DB9-BEAB-B0196868EC0A} = {0D4BE190-97F4-4DB9-BEAB-B0196868EC0A}
		{B6D4B38A-0C39-42CD-8193-75979E1F4D68} = {B6D4B38A-0C39-42CD-8193-75979E1F4D68}
	EndProjectSection
EndProject
Project("{8BC9CEB8-8B4A-11D0-8D11-00A0C91BC942}") = "dm.objectives", "tools\msvc\dm.objectives.vcxproj", "{05E9A613-2108-4843-A567-16B432DAC272}"
	ProjectSection(ProjectDependencies) = postProject
		{0D4BE190-97F4-4DB9-BEAB-B0196868EC0A} = {0D4BE190-97F4-4DB9-BEAB-B0196868EC0A}
		{B6D4B38A-0C39-42CD-8193-75979E1F4D68} = {B6D4B38A-0C39-42CD-8193-75979E1F4D68}
	EndProjectSection
EndProject
Project("{8BC9CEB8-8B4A-11D0-8D11-00A0C91BC942}") = "dm.difficulty", "tools\msvc\dm.difficulty.vcxproj", "{68B95079-09DF-48F7-BAD9-81C33118BEFD}"
	ProjectSection(ProjectDependencies) = postProject
		{0D4BE190-97F4-4DB9-BEAB-B0196868EC0A} = {0D4BE190-97F4-4DB9-BEAB-B0196868EC0A}
		{3C9FB5AA-7118-476E-B33D-D3AC1C8412BB} = {3C9FB5AA-7118-476E-B33D-D3AC1C8412BB}
	EndProjectSection
EndProject
Project("{8BC9CEB8-8B4A-11D0-8D11-00A0C91BC942}") = "scenelib", "tools\msvc\scenelib.vcxproj", "{F7408B46-E4A9-470C-9731-9A1564247385}"
	ProjectSection(ProjectDependencies) = postProject
		{0D4BE190-97F4-4DB9-BEAB-B0196868EC0A} = {0D4BE190-97F4-4DB9-BEAB-B0196868EC0A}
	EndProjectSection
EndProject
Project("{8BC9CEB8-8B4A-11D0-8D11-00A0C91BC942}") = "include", "tools\msvc\include.vcxproj", "{41CAAD78-9E48-4C6E-B8F8-A04A859C16F9}"
	ProjectSection(ProjectDependencies) = postProject
		{0D4BE190-97F4-4DB9-BEAB-B0196868EC0A} = {0D4BE190-97F4-4DB9-BEAB-B0196868EC0A}
	EndProjectSection
EndProject
Project("{8BC9CEB8-8B4A-11D0-8D11-00A0C91BC942}") = "dm.conversation", "tools\msvc\dm.conversation.vcxproj", "{435F29EA-7236-49AD-BF1A-5DB8AD566B5D}"
	ProjectSection(ProjectDependencies) = postProject
		{0D4BE190-97F4-4DB9-BEAB-B0196868EC0A} = {0D4BE190-97F4-4DB9-BEAB-B0196868EC0A}
		{A15EFB56-927F-411D-A57B-0328321456A2} = {A15EFB56-927F-411D-A57B-0328321456A2}
	EndProjectSection
EndProject
Project("{8BC9CEB8-8B4A-11D0-8D11-00A0C91BC942}") = "script", "tools\msvc\script.vcxproj", "{979A38FE-BE30-4121-845C-B705461BB1B0}"
	ProjectSection(ProjectDependencies) = postProject
		{0D4BE190-97F4-4DB9-BEAB-B0196868EC0A} = {0D4BE190-97F4-4DB9-BEAB-B0196868EC0A}
	EndProjectSection
EndProject
Project("{8BC9CEB8-8B4A-11D0-8D11-00A0C91BC942}") = "dm.editing", "tools\msvc\dm.editing.vcxproj", "{3552912C-32C9-4D59-9E65-357AD147A1FC}"
	ProjectSection(ProjectDependencies) = postProject
		{0D4BE190-97F4-4DB9-BEAB-B0196868EC0A} = {0D4BE190-97F4-4DB9-BEAB-B0196868EC0A}
	EndProjectSection
EndProject
Project("{8BC9CEB8-8B4A-11D0-8D11-00A0C91BC942}") = "dm.gui", "tools\msvc\dm.gui.vcxproj", "{586DBC32-C9D4-4720-B246-1E3D7D8C02B3}"
	ProjectSection(ProjectDependencies) = postProject
		{0D4BE190-97F4-4DB9-BEAB-B0196868EC0A} = {0D4BE190-97F4-4DB9-BEAB-B0196868EC0A}
	EndProjectSection
EndProject
Project("{8BC9CEB8-8B4A-11D0-8D11-00A0C91BC942}") = "libs", "tools\msvc\libs.vcxproj", "{5EB15BCF-2131-4DE3-B411-FC0D2DEF702F}"
	ProjectSection(ProjectDependencies) = postProject
		{0D4BE190-97F4-4DB9-BEAB-B0196868EC0A} = {0D4BE190-97F4-4DB9-BEAB-B0196868EC0A}
	EndProjectSection
EndProject
Project("{2150E333-8FDC-42A3-9474-1A3956D46DE8}") = "Static Libraries", "Static Libraries", "{026C3BBE-9A3B-4D21-A49D-12DD9DDF3CBA}"
EndProject
Project("{2150E333-8FDC-42A3-9474-1A3956D46DE8}") = "Modules", "Modules", "{3C3C0B81-D1B7-4EE4-9224-99ECA5774F25}"
EndProject
Project("{2150E333-8FDC-42A3-9474-1A3956D46DE8}") = "Main Binary and Headers", "Main Binary and Headers", "{F0E8C46B-4F20-43B1-9A8D-13A9D0A3BA3D}"
EndProject
Project("{8BC9CEB8-8B4A-11D0-8D11-00A0C91BC942}") = "DarkRadiantCore", "tools\msvc\DarkRadiantCore.vcxproj", "{83D79C71-4E8F-4F78-9D46-EF02D5D5CD89}"
	ProjectSection(ProjectDependencies) = postProject
		{0D4BE190-97F4-4DB9-BEAB-B0196868EC0A} = {0D4BE190-97F4-4DB9-BEAB-B0196868EC0A}
		{3C9FB5AA-7118-476E-B33D-D3AC1C8412BB} = {3C9FB5AA-7118-476E-B33D-D3AC1C8412BB}
		{76FF9B0F-B1FF-42BF-9E1D-8FBE2B3F6215} = {76FF9B0F-B1FF-42BF-9E1D-8FBE2B3F6215}
		{A15EFB56-927F-411D-A57B-0328321456A2} = {A15EFB56-927F-411D-A57B-0328321456A2}
		{F7408B46-E4A9-470C-9731-9A1564247385} = {F7408B46-E4A9-470C-9731-9A1564247385}
	EndProjectSection
EndProject
Project("{8BC9CEB8-8B4A-11D0-8D11-00A0C91BC942}") = "modulelib", "tools\msvc\modulelib.vcxproj", "{76FF9B0F-B1FF-42BF-9E1D-8FBE2B3F6215}"
	ProjectSection(ProjectDependencies) = postProject
		{0D4BE190-97F4-4DB9-BEAB-B0196868EC0A} = {0D4BE190-97F4-4DB9-BEAB-B0196868EC0A}
	EndProjectSection
EndProject
Project("{8BC9CEB8-8B4A-11D0-8D11-00A0C91BC942}") = "Tests", "tools\msvc\Tests\Tests.vcxproj", "{20C43725-BD6F-4E90-8D8C-5AB2AFFBF957}"
	ProjectSection(ProjectDependencies) = postProject
		{0D4BE190-97F4-4DB9-BEAB-B0196868EC0A} = {0D4BE190-97F4-4DB9-BEAB-B0196868EC0A}
		{83D79C71-4E8F-4F78-9D46-EF02D5D5CD89} = {83D79C71-4E8F-4F78-9D46-EF02D5D5CD89}
	EndProjectSection
EndProject
Project("{8BC9CEB8-8B4A-11D0-8D11-00A0C91BC942}") = "dm.gameconnection", "tools\msvc\dm.gameconnection.vcxproj", "{471AEAFE-68CE-4010-9B8F-3CB95810BEA5}"
	ProjectSection(ProjectDependencies) = postProject
		{0D4BE190-97F4-4DB9-BEAB-B0196868EC0A} = {0D4BE190-97F4-4DB9-BEAB-B0196868EC0A}
		{B6D4B38A-0C39-42CD-8193-75979E1F4D68} = {B6D4B38A-0C39-42CD-8193-75979E1F4D68}
		{F7408B46-E4A9-470C-9731-9A1564247385} = {F7408B46-E4A9-470C-9731-9A1564247385}
	EndProjectSection
EndProject
Project("{8BC9CEB8-8B4A-11D0-8D11-00A0C91BC942}") = "DependencyCheck", "tools\DependencyCheck\DependencyCheck.vcxproj", "{0D4BE190-97F4-4DB9-BEAB-B0196868EC0A}"
EndProject
Project("{8BC9CEB8-8B4A-11D0-8D11-00A0C91BC942}") = "vcs", "tools\msvc\vcs.vcxproj", "{6591C1E2-6BCF-4874-B724-CC87B8AA0DA4}"
	ProjectSection(ProjectDependencies) = postProject
		{0D4BE190-97F4-4DB9-BEAB-B0196868EC0A} = {0D4BE190-97F4-4DB9-BEAB-B0196868EC0A}
		{A15EFB56-927F-411D-A57B-0328321456A2} = {A15EFB56-927F-411D-A57B-0328321456A2}
		{B6D4B38A-0C39-42CD-8193-75979E1F4D68} = {B6D4B38A-0C39-42CD-8193-75979E1F4D68}
	EndProjectSection
EndProject
Global
	GlobalSection(SolutionConfigurationPlatforms) = preSolution
		Debug|x64 = Debug|x64
		Release|x64 = Release|x64
	EndGlobalSection
	GlobalSection(ProjectConfigurationPlatforms) = postSolution
		{8E70385C-223A-4DD1-9B99-28FF2331A2B5}.Debug|x64.ActiveCfg = Debug|x64
		{8E70385C-223A-4DD1-9B99-28FF2331A2B5}.Debug|x64.Build.0 = Debug|x64
		{8E70385C-223A-4DD1-9B99-28FF2331A2B5}.Release|x64.ActiveCfg = Release|x64
		{8E70385C-223A-4DD1-9B99-28FF2331A2B5}.Release|x64.Build.0 = Release|x64
		{3C9FB5AA-7118-476E-B33D-D3AC1C8412BB}.Debug|x64.ActiveCfg = Debug|x64
		{3C9FB5AA-7118-476E-B33D-D3AC1C8412BB}.Debug|x64.Build.0 = Debug|x64
		{3C9FB5AA-7118-476E-B33D-D3AC1C8412BB}.Release|x64.ActiveCfg = Release|x64
		{3C9FB5AA-7118-476E-B33D-D3AC1C8412BB}.Release|x64.Build.0 = Release|x64
		{A15EFB56-927F-411D-A57B-0328321456A2}.Debug|x64.ActiveCfg = Debug|x64
		{A15EFB56-927F-411D-A57B-0328321456A2}.Debug|x64.Build.0 = Debug|x64
		{A15EFB56-927F-411D-A57B-0328321456A2}.Release|x64.ActiveCfg = Release|x64
		{A15EFB56-927F-411D-A57B-0328321456A2}.Release|x64.Build.0 = Release|x64
		{B6D4B38A-0C39-42CD-8193-75979E1F4D68}.Debug|x64.ActiveCfg = Debug|x64
		{B6D4B38A-0C39-42CD-8193-75979E1F4D68}.Debug|x64.Build.0 = Debug|x64
		{B6D4B38A-0C39-42CD-8193-75979E1F4D68}.Release|x64.ActiveCfg = Release|x64
		{B6D4B38A-0C39-42CD-8193-75979E1F4D68}.Release|x64.Build.0 = Release|x64
		{1482AAB4-40B6-44C0-9FD8-AF80C18A5E7F}.Debug|x64.ActiveCfg = Debug|x64
		{1482AAB4-40B6-44C0-9FD8-AF80C18A5E7F}.Debug|x64.Build.0 = Debug|x64
		{1482AAB4-40B6-44C0-9FD8-AF80C18A5E7F}.Release|x64.ActiveCfg = Release|x64
		{1482AAB4-40B6-44C0-9FD8-AF80C18A5E7F}.Release|x64.Build.0 = Release|x64
		{EE9A3B61-58E0-4AA4-8942-6CFCBFAACC3F}.Debug|x64.ActiveCfg = Debug|x64
		{EE9A3B61-58E0-4AA4-8942-6CFCBFAACC3F}.Debug|x64.Build.0 = Debug|x64
		{EE9A3B61-58E0-4AA4-8942-6CFCBFAACC3F}.Release|x64.ActiveCfg = Release|x64
		{EE9A3B61-58E0-4AA4-8942-6CFCBFAACC3F}.Release|x64.Build.0 = Release|x64
		{05E9A613-2108-4843-A567-16B432DAC272}.Debug|x64.ActiveCfg = Debug|x64
		{05E9A613-2108-4843-A567-16B432DAC272}.Debug|x64.Build.0 = Debug|x64
		{05E9A613-2108-4843-A567-16B432DAC272}.Release|x64.ActiveCfg = Release|x64
		{05E9A613-2108-4843-A567-16B432DAC272}.Release|x64.Build.0 = Release|x64
		{68B95079-09DF-48F7-BAD9-81C33118BEFD}.Debug|x64.ActiveCfg = Debug|x64
		{68B95079-09DF-48F7-BAD9-81C33118BEFD}.Debug|x64.Build.0 = Debug|x64
		{68B95079-09DF-48F7-BAD9-81C33118BEFD}.Release|x64.ActiveCfg = Release|x64
		{68B95079-09DF-48F7-BAD9-81C33118BEFD}.Release|x64.Build.0 = Release|x64
		{F7408B46-E4A9-470C-9731-9A1564247385}.Debug|x64.ActiveCfg = Debug|x64
		{F7408B46-E4A9-470C-9731-9A1564247385}.Debug|x64.Build.0 = Debug|x64
		{F7408B46-E4A9-470C-9731-9A1564247385}.Release|x64.ActiveCfg = Release|x64
		{F7408B46-E4A9-470C-9731-9A1564247385}.Release|x64.Build.0 = Release|x64
		{41CAAD78-9E48-4C6E-B8F8-A04A859C16F9}.Debug|x64.ActiveCfg = Debug|x64
		{41CAAD78-9E48-4C6E-B8F8-A04A859C16F9}.Debug|x64.Build.0 = Debug|x64
		{41CAAD78-9E48-4C6E-B8F8-A04A859C16F9}.Release|x64.ActiveCfg = Release|x64
		{41CAAD78-9E48-4C6E-B8F8-A04A859C16F9}.Release|x64.Build.0 = Release|x64
		{435F29EA-7236-49AD-BF1A-5DB8AD566B5D}.Debug|x64.ActiveCfg = Debug|x64
		{435F29EA-7236-49AD-BF1A-5DB8AD566B5D}.Debug|x64.Build.0 = Debug|x64
		{435F29EA-7236-49AD-BF1A-5DB8AD566B5D}.Release|x64.ActiveCfg = Release|x64
		{435F29EA-7236-49AD-BF1A-5DB8AD566B5D}.Release|x64.Build.0 = Release|x64
		{979A38FE-BE30-4121-845C-B705461BB1B0}.Debug|x64.ActiveCfg = Debug|x64
		{979A38FE-BE30-4121-845C-B705461BB1B0}.Debug|x64.Build.0 = Debug|x64
		{979A38FE-BE30-4121-845C-B705461BB1B0}.Release|x64.ActiveCfg = Release|x64
		{979A38FE-BE30-4121-845C-B705461BB1B0}.Release|x64.Build.0 = Release|x64
		{3552912C-32C9-4D59-9E65-357AD147A1FC}.Debug|x64.ActiveCfg = Debug|x64
		{3552912C-32C9-4D59-9E65-357AD147A1FC}.Debug|x64.Build.0 = Debug|x64
		{3552912C-32C9-4D59-9E65-357AD147A1FC}.Release|x64.ActiveCfg = Release|x64
		{3552912C-32C9-4D59-9E65-357AD147A1FC}.Release|x64.Build.0 = Release|x64
		{586DBC32-C9D4-4720-B246-1E3D7D8C02B3}.Debug|x64.ActiveCfg = Debug|x64
		{586DBC32-C9D4-4720-B246-1E3D7D8C02B3}.Debug|x64.Build.0 = Debug|x64
		{586DBC32-C9D4-4720-B246-1E3D7D8C02B3}.Release|x64.ActiveCfg = Release|x64
		{586DBC32-C9D4-4720-B246-1E3D7D8C02B3}.Release|x64.Build.0 = Release|x64
		{5EB15BCF-2131-4DE3-B411-FC0D2DEF702F}.Debug|x64.ActiveCfg = Debug|x64
		{5EB15BCF-2131-4DE3-B411-FC0D2DEF702F}.Debug|x64.Build.0 = Debug|x64
		{5EB15BCF-2131-4DE3-B411-FC0D2DEF702F}.Release|x64.ActiveCfg = Release|x64
		{5EB15BCF-2131-4DE3-B411-FC0D2DEF702F}.Release|x64.Build.0 = Release|x64
		{83D79C71-4E8F-4F78-9D46-EF02D5D5CD89}.Debug|x64.ActiveCfg = Debug|x64
		{83D79C71-4E8F-4F78-9D46-EF02D5D5CD89}.Debug|x64.Build.0 = Debug|x64
		{83D79C71-4E8F-4F78-9D46-EF02D5D5CD89}.Release|x64.ActiveCfg = Release|x64
		{83D79C71-4E8F-4F78-9D46-EF02D5D5CD89}.Release|x64.Build.0 = Release|x64
		{76FF9B0F-B1FF-42BF-9E1D-8FBE2B3F6215}.Debug|x64.ActiveCfg = Debug|x64
		{76FF9B0F-B1FF-42BF-9E1D-8FBE2B3F6215}.Debug|x64.Build.0 = Debug|x64
		{76FF9B0F-B1FF-42BF-9E1D-8FBE2B3F6215}.Release|x64.ActiveCfg = Release|x64
		{76FF9B0F-B1FF-42BF-9E1D-8FBE2B3F6215}.Release|x64.Build.0 = Release|x64
		{20C43725-BD6F-4E90-8D8C-5AB2AFFBF957}.Debug|x64.ActiveCfg = Debug|x64
		{20C43725-BD6F-4E90-8D8C-5AB2AFFBF957}.Debug|x64.Build.0 = Debug|x64
		{20C43725-BD6F-4E90-8D8C-5AB2AFFBF957}.Release|x64.ActiveCfg = Release|x64
		{20C43725-BD6F-4E90-8D8C-5AB2AFFBF957}.Release|x64.Build.0 = Release|x64
		{471AEAFE-68CE-4010-9B8F-3CB95810BEA5}.Debug|x64.ActiveCfg = Debug|x64
		{471AEAFE-68CE-4010-9B8F-3CB95810BEA5}.Debug|x64.Build.0 = Debug|x64
		{471AEAFE-68CE-4010-9B8F-3CB95810BEA5}.Release|x64.ActiveCfg = Release|x64
		{471AEAFE-68CE-4010-9B8F-3CB95810BEA5}.Release|x64.Build.0 = Release|x64
		{0D4BE190-97F4-4DB9-BEAB-B0196868EC0A}.Debug|x64.ActiveCfg = Debug|x64
		{0D4BE190-97F4-4DB9-BEAB-B0196868EC0A}.Debug|x64.Build.0 = Debug|x64
		{0D4BE190-97F4-4DB9-BEAB-B0196868EC0A}.Release|x64.ActiveCfg = Release|x64
		{0D4BE190-97F4-4DB9-BEAB-B0196868EC0A}.Release|x64.Build.0 = Release|x64
		{6591C1E2-6BCF-4874-B724-CC87B8AA0DA4}.Debug|x64.ActiveCfg = Debug|x64
		{6591C1E2-6BCF-4874-B724-CC87B8AA0DA4}.Debug|x64.Build.0 = Debug|x64
		{6591C1E2-6BCF-4874-B724-CC87B8AA0DA4}.Release|x64.ActiveCfg = Release|x64
		{6591C1E2-6BCF-4874-B724-CC87B8AA0DA4}.Release|x64.Build.0 = Release|x64
	EndGlobalSection
	GlobalSection(SolutionProperties) = preSolution
		HideSolutionNode = FALSE
	EndGlobalSection
	GlobalSection(NestedProjects) = preSolution
		{8E70385C-223A-4DD1-9B99-28FF2331A2B5} = {F0E8C46B-4F20-43B1-9A8D-13A9D0A3BA3D}
		{3C9FB5AA-7118-476E-B33D-D3AC1C8412BB} = {026C3BBE-9A3B-4D21-A49D-12DD9DDF3CBA}
		{A15EFB56-927F-411D-A57B-0328321456A2} = {026C3BBE-9A3B-4D21-A49D-12DD9DDF3CBA}
		{B6D4B38A-0C39-42CD-8193-75979E1F4D68} = {026C3BBE-9A3B-4D21-A49D-12DD9DDF3CBA}
		{1482AAB4-40B6-44C0-9FD8-AF80C18A5E7F} = {3C3C0B81-D1B7-4EE4-9224-99ECA5774F25}
		{EE9A3B61-58E0-4AA4-8942-6CFCBFAACC3F} = {3C3C0B81-D1B7-4EE4-9224-99ECA5774F25}
		{05E9A613-2108-4843-A567-16B432DAC272} = {3C3C0B81-D1B7-4EE4-9224-99ECA5774F25}
		{68B95079-09DF-48F7-BAD9-81C33118BEFD} = {3C3C0B81-D1B7-4EE4-9224-99ECA5774F25}
		{F7408B46-E4A9-470C-9731-9A1564247385} = {026C3BBE-9A3B-4D21-A49D-12DD9DDF3CBA}
		{41CAAD78-9E48-4C6E-B8F8-A04A859C16F9} = {F0E8C46B-4F20-43B1-9A8D-13A9D0A3BA3D}
		{435F29EA-7236-49AD-BF1A-5DB8AD566B5D} = {3C3C0B81-D1B7-4EE4-9224-99ECA5774F25}
		{979A38FE-BE30-4121-845C-B705461BB1B0} = {3C3C0B81-D1B7-4EE4-9224-99ECA5774F25}
		{3552912C-32C9-4D59-9E65-357AD147A1FC} = {3C3C0B81-D1B7-4EE4-9224-99ECA5774F25}
		{586DBC32-C9D4-4720-B246-1E3D7D8C02B3} = {3C3C0B81-D1B7-4EE4-9224-99ECA5774F25}
		{5EB15BCF-2131-4DE3-B411-FC0D2DEF702F} = {F0E8C46B-4F20-43B1-9A8D-13A9D0A3BA3D}
		{83D79C71-4E8F-4F78-9D46-EF02D5D5CD89} = {F0E8C46B-4F20-43B1-9A8D-13A9D0A3BA3D}
		{76FF9B0F-B1FF-42BF-9E1D-8FBE2B3F6215} = {026C3BBE-9A3B-4D21-A49D-12DD9DDF3CBA}
		{471AEAFE-68CE-4010-9B8F-3CB95810BEA5} = {3C3C0B81-D1B7-4EE4-9224-99ECA5774F25}
		{0D4BE190-97F4-4DB9-BEAB-B0196868EC0A} = {F0E8C46B-4F20-43B1-9A8D-13A9D0A3BA3D}
		{6591C1E2-6BCF-4874-B724-CC87B8AA0DA4} = {3C3C0B81-D1B7-4EE4-9224-99ECA5774F25}
	EndGlobalSection
	GlobalSection(ExtensibilityGlobals) = postSolution
		SolutionGuid = {C7F73C9B-AFA1-4AF0-9F99-7C3A7F503A86}
	EndGlobalSection
EndGlobal
