<?xml version="1.0" encoding="utf-8"?>
<Project ToolsVersion="4.0" xmlns="http://schemas.microsoft.com/developer/msbuild/2003">
  <ItemGroup>
    <Filter Include="src">
      <UniqueIdentifier>{4FC737F1-C7A5-4376-A066-2A32D752A2FF}</UniqueIdentifier>
      <Extensions>cpp;c;cxx;def;odl;idl;hpj;bat;asm;asmx</Extensions>
    </Filter>
  </ItemGroup>
  <ItemGroup>
    <ClCompile Include="..\..\plugins\image\bmp.cpp">
      <Filter>src</Filter>
    </ClCompile>
    <ClCompile Include="..\..\plugins\image\dds.cpp">
      <Filter>src</Filter>
    </ClCompile>
    <ClCompile Include="..\..\plugins\image\DDSImage.cpp">
      <Filter>src</Filter>
    </ClCompile>
    <ClCompile Include="..\..\plugins\image\image.cpp">
      <Filter>src</Filter>
    </ClCompile>
    <ClCompile Include="..\..\plugins\image\ImageGDK.cpp">
      <Filter>src</Filter>
    </ClCompile>
    <ClCompile Include="..\..\plugins\image\jpeg.cpp">
      <Filter>src</Filter>
    </ClCompile>
    <ClCompile Include="..\..\plugins\image\pcx.cpp">
      <Filter>src</Filter>
    </ClCompile>
    <ClCompile Include="..\..\plugins\image\tga.cpp">
      <Filter>src</Filter>
    </ClCompile>
    <ClCompile Include="..\..\plugins\image\png.cpp">
      <Filter>src</Filter>
    </ClCompile>
  </ItemGroup>
  <ItemGroup>
    <ClInclude Include="..\..\plugins\image\bmp.h">
      <Filter>src</Filter>
    </ClInclude>
    <ClInclude Include="..\..\plugins\image\dds.h">
      <Filter>src</Filter>
    </ClInclude>
    <ClInclude Include="..\..\plugins\image\DDSImage.h">
      <Filter>src</Filter>
    </ClInclude>
    <ClInclude Include="..\..\plugins\image\image.h">
      <Filter>src</Filter>
    </ClInclude>
    <ClInclude Include="..\..\plugins\image\ImageGDK.h">
      <Filter>src</Filter>
    </ClInclude>
    <ClInclude Include="..\..\plugins\image\jpeg.h">
      <Filter>src</Filter>
    </ClInclude>
    <ClInclude Include="..\..\plugins\image\pcx.h">
      <Filter>src</Filter>
    </ClInclude>
    <ClInclude Include="..\..\plugins\image\tga.h">
      <Filter>src</Filter>
    </ClInclude>
    <ClInclude Include="..\..\plugins\image\PNGLoader.h">
      <Filter>src</Filter>
    </ClInclude>
  </ItemGroup>
  <ItemGroup>
    <None Include="..\..\plugins\image\image.def">
      <Filter>src</Filter>
    </None>
  </ItemGroup>
</Project>