<?xml version="1.0" encoding="utf-8"?>
<Project ToolsVersion="4.0" xmlns="http://schemas.microsoft.com/developer/msbuild/2003">
  <ItemGroup>
    <ClInclude Include="..\..\libs\EventRateLimiter.h" />
    <ClInclude Include="..\..\libs\fs_filesystem.h" />
    <ClInclude Include="..\..\libs\moduleobservers.h" />
    <ClInclude Include="..\..\libs\picomodel.h" />
    <ClInclude Include="..\..\libs\pivot.h" />
    <ClInclude Include="..\..\libs\RandomOrigin.h" />
    <ClInclude Include="..\..\libs\render.h" />
    <ClInclude Include="..\..\libs\scenelib.h" />
    <ClInclude Include="..\..\libs\selectionlib.h" />
    <ClInclude Include="..\..\libs\shaderlib.h" />
    <ClInclude Include="..\..\libs\texturelib.h" />
    <ClInclude Include="..\..\libs\transformlib.h" />
    <ClInclude Include="..\..\libs\archivelib.h" />
    <ClInclude Include="..\..\libs\BasicTexture2D.h" />
    <ClInclude Include="..\..\libs\bytestreamutils.h" />
    <ClInclude Include="..\..\libs\character.h" />
    <ClInclude Include="..\..\libs\dragplanes.h" />
    <ClInclude Include="..\..\libs\eclass.h" />
    <ClInclude Include="..\..\libs\entitylib.h" />
    <ClInclude Include="..\..\libs\debugging\ScenegraphUtils.h">
      <Filter>debugging</Filter>
    </ClInclude>
    <ClInclude Include="..\..\libs\debugging\ScopedDebugTimer.h">
      <Filter>debugging</Filter>
    </ClInclude>
    <ClInclude Include="..\..\libs\debugging\debugging.h">
      <Filter>debugging</Filter>
    </ClInclude>
    <ClInclude Include="..\..\libs\debugging\render.h">
      <Filter>debugging</Filter>
    </ClInclude>
    <ClInclude Include="..\..\libs\generic\callback.h">
      <Filter>generic</Filter>
    </ClInclude>
    <ClInclude Include="..\..\libs\os\fs.h">
      <Filter>os</Filter>
    </ClInclude>
    <ClInclude Include="..\..\libs\os\path.h">
      <Filter>os</Filter>
    </ClInclude>
    <ClInclude Include="..\..\libs\os\dir.h">
      <Filter>os</Filter>
    </ClInclude>
    <ClInclude Include="..\..\libs\os\file.h">
      <Filter>os</Filter>
    </ClInclude>
    <ClInclude Include="..\..\libs\parser\DefTokeniser.h">
      <Filter>parser</Filter>
    </ClInclude>
    <ClInclude Include="..\..\libs\parser\ParseException.h">
      <Filter>parser</Filter>
    </ClInclude>
    <ClInclude Include="..\..\libs\parser\Tokeniser.h">
      <Filter>parser</Filter>
    </ClInclude>
    <ClInclude Include="..\..\libs\parser\CodeTokeniser.h">
      <Filter>parser</Filter>
    </ClInclude>
    <ClInclude Include="..\..\libs\parser\DefBlockTokeniser.h">
      <Filter>parser</Filter>
    </ClInclude>
    <ClInclude Include="..\..\libs\registry\bind.h">
      <Filter>registry</Filter>
    </ClInclude>
    <ClInclude Include="..\..\libs\registry\buffer.h">
      <Filter>registry</Filter>
    </ClInclude>
    <ClInclude Include="..\..\libs\registry\CachedKey.h">
      <Filter>registry</Filter>
    </ClInclude>
    <ClInclude Include="..\..\libs\registry\registry.h">
      <Filter>registry</Filter>
    </ClInclude>
    <ClInclude Include="..\..\libs\registry\adaptors.h">
      <Filter>registry</Filter>
    </ClInclude>
    <ClInclude Include="..\..\libs\render\RenderableSpacePartition.h">
      <Filter>render</Filter>
    </ClInclude>
    <ClInclude Include="..\..\libs\render\SceneRenderWalker.h">
      <Filter>render</Filter>
    </ClInclude>
    <ClInclude Include="..\..\libs\render\ShaderStateRenderer.h">
      <Filter>render</Filter>
    </ClInclude>
    <ClInclude Include="..\..\libs\render\TexCoord2f.h">
      <Filter>render</Filter>
    </ClInclude>
    <ClInclude Include="..\..\libs\render\VectorLightList.h">
      <Filter>render</Filter>
    </ClInclude>
    <ClInclude Include="..\..\libs\render\Vertex3f.h">
      <Filter>render</Filter>
    </ClInclude>
    <ClInclude Include="..\..\libs\render\VertexCb.h">
      <Filter>render</Filter>
    </ClInclude>
    <ClInclude Include="..\..\libs\render\VertexNCb.h">
      <Filter>render</Filter>
    </ClInclude>
    <ClInclude Include="..\..\libs\render\VertexNT.h">
      <Filter>render</Filter>
    </ClInclude>
    <ClInclude Include="..\..\libs\render\ArbitraryMeshVertex.h">
      <Filter>render</Filter>
    </ClInclude>
    <ClInclude Include="..\..\libs\render\Colour4.h">
      <Filter>render</Filter>
    </ClInclude>
    <ClInclude Include="..\..\libs\render\Colour4b.h">
      <Filter>render</Filter>
    </ClInclude>
    <ClInclude Include="..\..\libs\render\NopVolumeTest.h">
      <Filter>render</Filter>
    </ClInclude>
    <ClInclude Include="..\..\libs\stream\filestream.h">
      <Filter>stream</Filter>
    </ClInclude>
    <ClInclude Include="..\..\libs\stream\textfilestream.h">
      <Filter>stream</Filter>
    </ClInclude>
    <ClInclude Include="..\..\libs\stream\BufferInputStream.h">
      <Filter>stream</Filter>
    </ClInclude>
    <ClInclude Include="..\..\libs\string\string.h">
      <Filter>string</Filter>
    </ClInclude>
    <ClInclude Include="..\..\libs\string\convert.h">
      <Filter>string</Filter>
    </ClInclude>
    <ClInclude Include="..\..\libs\util\ScopedBoolLock.h">
      <Filter>util</Filter>
    </ClInclude>
    <ClInclude Include="..\..\libs\gamelib.h" />
    <ClInclude Include="..\..\libs\Transformable.h" />
    <ClInclude Include="..\..\libs\BasicUndoMemento.h" />
    <ClInclude Include="..\..\libs\ObservedUndoable.h" />
    <ClInclude Include="..\..\libs\SelectableNode.h" />
    <ClInclude Include="..\..\libs\ObservedSelectable.h" />
    <ClInclude Include="..\..\libs\stream\ScopedArchiveBuffer.h">
      <Filter>stream</Filter>
    </ClInclude>
    <ClInclude Include="..\..\libs\stream\PointerInputStream.h">
      <Filter>stream</Filter>
    </ClInclude>
    <ClInclude Include="..\..\libs\RGBAImage.h" />
  </ItemGroup>
  <ItemGroup>
    <Filter Include="util">
      <UniqueIdentifier>{c17f1dc5-e45e-44c5-82da-a2c16a03fd2e}</UniqueIdentifier>
    </Filter>
    <Filter Include="string">
      <UniqueIdentifier>{11acfa78-35ca-4fa8-a4e7-e9644d531eaa}</UniqueIdentifier>
    </Filter>
    <Filter Include="stream">
      <UniqueIdentifier>{0c573c6a-f9c7-4807-8df5-51033314cb74}</UniqueIdentifier>
    </Filter>
    <Filter Include="render">
      <UniqueIdentifier>{065bd921-9877-47dc-b7ab-09b79385095e}</UniqueIdentifier>
    </Filter>
    <Filter Include="registry">
      <UniqueIdentifier>{16143f5f-e694-4509-a881-9b71281298a4}</UniqueIdentifier>
    </Filter>
    <Filter Include="parser">
      <UniqueIdentifier>{32440341-e560-43b2-b1ce-253f64761b03}</UniqueIdentifier>
    </Filter>
    <Filter Include="os">
      <UniqueIdentifier>{bb0dc4d6-6e13-4cc2-97ef-5c89560ac43d}</UniqueIdentifier>
    </Filter>
    <Filter Include="debugging">
      <UniqueIdentifier>{71b6da5f-cc54-44ce-be00-a65a0a2eac48}</UniqueIdentifier>
    </Filter>
    <Filter Include="generic">
      <UniqueIdentifier>{ac492ec5-988b-4dd5-8b6f-a1a23fbd0ce0}</UniqueIdentifier>
    </Filter>
  </ItemGroup>
</Project>