<?xml version="1.0" encoding="utf-8"?>
<Project ToolsVersion="4.0" xmlns="http://schemas.microsoft.com/developer/msbuild/2003">
  <ItemGroup>
    <Filter Include="src">
      <UniqueIdentifier>{4FC737F1-C7A5-4376-A066-2A32D752A2FF}</UniqueIdentifier>
      <Extensions>cpp;c;cxx;def;odl;idl;hpj;bat;asm;asmx</Extensions>
    </Filter>
  </ItemGroup>
  <ItemGroup>
    <ClInclude Include="..\..\plugins\md5model\MD5DataStructures.h">
      <Filter>src</Filter>
    </ClInclude>
    <ClInclude Include="..\..\plugins\md5model\MD5Model.h">
      <Filter>src</Filter>
    </ClInclude>
    <ClInclude Include="..\..\plugins\md5model\MD5ModelLoader.h">
      <Filter>src</Filter>
    </ClInclude>
    <ClInclude Include="..\..\plugins\md5model\MD5ModelNode.h">
      <Filter>src</Filter>
    </ClInclude>
    <ClInclude Include="..\..\plugins\md5model\MD5Surface.h">
      <Filter>src</Filter>
    </ClInclude>
    <ClInclude Include="..\..\plugins\md5model\MD5Anim.h">
      <Filter>src</Filter>
    </ClInclude>
    <ClInclude Include="..\..\plugins\md5model\MD5AnimationCache.h">
      <Filter>src</Filter>
    </ClInclude>
    <ClInclude Include="..\..\plugins\md5model\RenderableMD5Skeleton.h">
      <Filter>src</Filter>
    </ClInclude>
    <ClInclude Include="..\..\plugins\md5model\MD5Skeleton.h">
      <Filter>src</Filter>
    </ClInclude>
  </ItemGroup>
  <ItemGroup>
    <ClCompile Include="..\..\plugins\md5model\MD5Model.cpp">
      <Filter>src</Filter>
    </ClCompile>
    <ClCompile Include="..\..\plugins\md5model\MD5ModelLoader.cpp">
      <Filter>src</Filter>
    </ClCompile>
    <ClCompile Include="..\..\plugins\md5model\MD5ModelNode.cpp">
      <Filter>src</Filter>
    </ClCompile>
    <ClCompile Include="..\..\plugins\md5model\MD5Surface.cpp">
      <Filter>src</Filter>
    </ClCompile>
    <ClCompile Include="..\..\plugins\md5model\plugin.cpp">
      <Filter>src</Filter>
    </ClCompile>
    <ClCompile Include="..\..\plugins\md5model\MD5Anim.cpp">
      <Filter>src</Filter>
    </ClCompile>
    <ClCompile Include="..\..\plugins\md5model\MD5AnimationCache.cpp">
      <Filter>src</Filter>
    </ClCompile>
    <ClCompile Include="..\..\plugins\md5model\MD5Skeleton.cpp">
      <Filter>src</Filter>
    </ClCompile>
  </ItemGroup>
  <ItemGroup>
    <None Include="..\..\plugins\md5model\md5model.def">
      <Filter>src</Filter>
    </None>
  </ItemGroup>
</Project>