<?xml version="1.0" encoding="utf-8"?>
<Project ToolsVersion="4.0" xmlns="http://schemas.microsoft.com/developer/msbuild/2003">
  <ItemGroup>
    <Filter Include="src">
      <UniqueIdentifier>{4FC737F1-C7A5-4376-A066-2A32D752A2FF}</UniqueIdentifier>
      <Extensions>cpp;c;cxx;def;odl;idl;hpj;bat;asm;asmx</Extensions>
    </Filter>
  </ItemGroup>
  <ItemGroup>
    <ClInclude Include="..\..\plugins\sound\OggFileStream.h">
      <Filter>src</Filter>
    </ClInclude>
    <ClInclude Include="..\..\plugins\sound\SoundManager.h">
      <Filter>src</Filter>
    </ClInclude>
    <ClInclude Include="..\..\plugins\sound\SoundPlayer.h">
      <Filter>src</Filter>
    </ClInclude>
    <ClInclude Include="..\..\plugins\sound\SoundShader.h">
      <Filter>src</Filter>
    </ClInclude>
    <ClInclude Include="..\..\plugins\sound\WavFileLoader.h">
      <Filter>src</Filter>
    </ClInclude>
    <ClInclude Include="..\..\plugins\sound\OggFileLoader.h">
      <Filter>src</Filter>
    </ClInclude>
  </ItemGroup>
  <ItemGroup>
    <ClCompile Include="..\..\plugins\sound\sound.cpp">
      <Filter>src</Filter>
    </ClCompile>
    <ClCompile Include="..\..\plugins\sound\SoundManager.cpp">
      <Filter>src</Filter>
    </ClCompile>
    <ClCompile Include="..\..\plugins\sound\SoundPlayer.cpp">
      <Filter>src</Filter>
    </ClCompile>
    <ClCompile Include="..\..\plugins\sound\SoundShader.cpp">
      <Filter>src</Filter>
    </ClCompile>
  </ItemGroup>
</Project>