<?xml version="1.0" encoding="utf-8"?>
<Project ToolsVersion="4.0" xmlns="http://schemas.microsoft.com/developer/msbuild/2003">
  <ItemGroup>
    <Filter Include="menu">
      <UniqueIdentifier>{7d42ed4c-3443-4ed5-a232-7e4c689d577a}</UniqueIdentifier>
    </Filter>
    <Filter Include="dialog">
      <UniqueIdentifier>{3c2d027e-6163-4207-92af-ae7893d4deb8}</UniqueIdentifier>
    </Filter>
    <Filter Include="preview">
      <UniqueIdentifier>{b4505f4f-f301-4c38-8d52-cdf5059a3585}</UniqueIdentifier>
    </Filter>
    <Filter Include="event">
      <UniqueIdentifier>{2c067d1b-6efd-41e1-a8c6-5d69eafbd95a}</UniqueIdentifier>
    </Filter>
    <Filter Include="fsview">
      <UniqueIdentifier>{1e1ff470-f754-4dac-baec-a0fe56287b84}</UniqueIdentifier>
    </Filter>
    <Filter Include="dataview">
      <UniqueIdentifier>{77e3b8d8-cacc-4872-a5f5-a7c5d07f0551}</UniqueIdentifier>
    </Filter>
    <Filter Include="sourceview">
      <UniqueIdentifier>{7b81be5b-cc2f-43c2-bef8-fb9c7c1a31c0}</UniqueIdentifier>
    </Filter>
    <Filter Include="decl">
      <UniqueIdentifier>{6d847c23-2205-43c6-b505-8cc8778c1251}</UniqueIdentifier>
    </Filter>
  </ItemGroup>
  <ItemGroup>
    <ClInclude Include="..\..\libs\wxutil\dialog\DialogBase.h">
      <Filter>dialog</Filter>
    </ClInclude>
    <ClInclude Include="..\..\libs\wxutil\dialog\DialogElements.h">
      <Filter>dialog</Filter>
    </ClInclude>
    <ClInclude Include="..\..\libs\wxutil\dialog\MessageBox.h">
      <Filter>dialog</Filter>
    </ClInclude>
    <ClInclude Include="..\..\libs\wxutil\dialog\ScrollEventPropagationFilter.h">
      <Filter>dialog</Filter>
    </ClInclude>
    <ClInclude Include="..\..\libs\wxutil\dialog\Dialog.h">
      <Filter>dialog</Filter>
    </ClInclude>
    <ClInclude Include="..\..\libs\wxutil\event\SingleIdleCallback.h">
      <Filter>event</Filter>
    </ClInclude>
    <ClInclude Include="..\..\libs\wxutil\menu\MenuItem.h">
      <Filter>menu</Filter>
    </ClInclude>
    <ClInclude Include="..\..\libs\wxutil\menu\PopupMenu.h">
      <Filter>menu</Filter>
    </ClInclude>
    <ClInclude Include="..\..\libs\wxutil\menu\CommandMenuItem.h">
      <Filter>menu</Filter>
    </ClInclude>
    <ClInclude Include="..\..\libs\wxutil\menu\IconTextMenuItem.h">
      <Filter>menu</Filter>
    </ClInclude>
    <ClInclude Include="..\..\libs\wxutil\preview\ParticlePreview.h">
      <Filter>preview</Filter>
    </ClInclude>
    <ClInclude Include="..\..\libs\wxutil\preview\RenderPreview.h">
      <Filter>preview</Filter>
    </ClInclude>
    <ClInclude Include="..\..\libs\wxutil\preview\ModelPreview.h">
      <Filter>preview</Filter>
    </ClInclude>
    <ClInclude Include="..\..\libs\wxutil\ModalProgressDialog.h" />
    <ClInclude Include="..\..\libs\wxutil\MouseButton.h" />
    <ClInclude Include="..\..\libs\wxutil\MultiMonitor.h" />
    <ClInclude Include="..\..\libs\wxutil\NonModalEntry.h" />
    <ClInclude Include="..\..\libs\wxutil\PanedPosition.h" />
    <ClInclude Include="..\..\libs\wxutil\PathEntry.h" />
    <ClInclude Include="..\..\libs\wxutil\SerialisableWidgets.h" />
    <ClInclude Include="..\..\libs\wxutil\WindowPosition.h" />
    <ClInclude Include="..\..\libs\wxutil\XmlResourceBasedWidget.h" />
    <ClInclude Include="..\..\libs\wxutil\ChoiceHelper.h" />
    <ClInclude Include="..\..\libs\wxutil\ConsoleView.h" />
    <ClInclude Include="..\..\libs\wxutil\ControlButton.h" />
    <ClInclude Include="..\..\libs\wxutil\DeferredMotionDelta.h" />
    <ClInclude Include="..\..\libs\wxutil\DirChooser.h" />
    <ClInclude Include="..\..\libs\wxutil\EntryAbortedException.h" />
    <ClInclude Include="..\..\libs\wxutil\FileChooser.h" />
    <ClInclude Include="..\..\libs\wxutil\FreezePointer.h" />
    <ClInclude Include="..\..\libs\wxutil\GLWidget.h" />
    <ClInclude Include="..\..\libs\wxutil\IConv.h" />
    <ClInclude Include="..\..\libs\wxutil\ScopeTimer.h" />
    <ClInclude Include="..\..\libs\wxutil\event\KeyEventFilter.h">
      <Filter>event</Filter>
    </ClInclude>
    <ClInclude Include="..\..\libs\wxutil\Modifier.h" />
    <ClInclude Include="..\..\libs\wxutil\MouseToolHandler.h" />
    <ClInclude Include="..\..\libs\wxutil\preview\GuiRenderer.h">
      <Filter>preview</Filter>
    </ClInclude>
    <ClInclude Include="..\..\libs\wxutil\preview\GuiView.h">
      <Filter>preview</Filter>
    </ClInclude>
    <ClInclude Include="..\..\libs\wxutil\ScrollWindow.h" />
    <ClInclude Include="..\..\libs\wxutil\Button.h" />
    <ClInclude Include="..\..\libs\wxutil\Splitter.h" />
    <ClInclude Include="..\..\libs\wxutil\GLContext.h" />
    <ClInclude Include="..\..\libs\wxutil\EntityClassChooser.h" />
    <ClInclude Include="..\..\libs\wxutil\fsview\FileSystemView.h">
      <Filter>fsview</Filter>
    </ClInclude>
    <ClInclude Include="..\..\libs\wxutil\fsview\Populator.h">
      <Filter>fsview</Filter>
    </ClInclude>
    <ClInclude Include="..\..\libs\wxutil\dataview\KeyValueTable.h">
      <Filter>dataview</Filter>
    </ClInclude>
    <ClInclude Include="..\..\libs\wxutil\dataview\ResourceTreeView.h">
      <Filter>dataview</Filter>
    </ClInclude>
    <ClInclude Include="..\..\libs\wxutil\dataview\TreeModel.h">
      <Filter>dataview</Filter>
    </ClInclude>
    <ClInclude Include="..\..\libs\wxutil\dataview\TreeModelFilter.h">
      <Filter>dataview</Filter>
    </ClInclude>
    <ClInclude Include="..\..\libs\wxutil\dataview\TreeView.h">
      <Filter>dataview</Filter>
    </ClInclude>
    <ClInclude Include="..\..\libs\wxutil\dataview\TreeViewItemStyle.h">
      <Filter>dataview</Filter>
    </ClInclude>
    <ClInclude Include="..\..\libs\wxutil\dataview\VFSTreePopulator.h">
      <Filter>dataview</Filter>
    </ClInclude>
    <ClInclude Include="..\..\libs\wxutil\dataview\IResourceTreePopulator.h">
      <Filter>dataview</Filter>
    </ClInclude>
    <ClInclude Include="..\..\libs\wxutil\dataview\ThreadedResourceTreePopulator.h">
      <Filter>dataview</Filter>
    </ClInclude>
    <ClInclude Include="..\..\libs\wxutil\menu\SeparatorItem.h">
      <Filter>menu</Filter>
    </ClInclude>
    <ClInclude Include="..\..\libs\wxutil\dataview\ResourceTreeViewToolbar.h">
      <Filter>dataview</Filter>
    </ClInclude>
    <ClInclude Include="..\..\libs\wxutil\menu\FilterPopupMenu.h">
      <Filter>menu</Filter>
    </ClInclude>
    <ClInclude Include="..\..\libs\wxutil\Bitmap.h" />
    <ClInclude Include="..\..\libs\wxutil\dialog\AutoSaveRequestBlocker.h">
      <Filter>dialog</Filter>
    </ClInclude>
    <ClInclude Include="..\..\libs\wxutil\FormLayout.h" />
    <ClInclude Include="..\..\libs\wxutil\dataview\DeclarationTreeView.h">
      <Filter>dataview</Filter>
    </ClInclude>
    <ClInclude Include="..\..\libs\wxutil\dataview\ThreadedDeclarationTreePopulator.h">
      <Filter>dataview</Filter>
    </ClInclude>
    <ClInclude Include="..\..\libs\wxutil\sourceview\DeclarationSourceView.h">
      <Filter>sourceview</Filter>
    </ClInclude>
    <ClInclude Include="..\..\libs\wxutil\sourceview\DefinitionView.h">
      <Filter>sourceview</Filter>
    </ClInclude>
    <ClInclude Include="..\..\libs\wxutil\sourceview\SourceView.h">
      <Filter>sourceview</Filter>
    </ClInclude>
    <ClInclude Include="..\..\libs\wxutil\Icon.h" />
    <ClInclude Include="..\..\libs\wxutil\decl\DeclarationSelector.h">
      <Filter>decl</Filter>
    </ClInclude>
    <ClInclude Include="..\..\libs\wxutil\decl\DeclFileInfo.h">
      <Filter>decl</Filter>
    </ClInclude>
    <ClInclude Include="..\..\libs\wxutil\preview\EntityClassPreview.h">
      <Filter>preview</Filter>
    </ClInclude>
    <ClInclude Include="..\..\libs\wxutil\WindowState.h" />
    <ClInclude Include="..\..\libs\wxutil\preview\SkinPreview.h">
      <Filter>preview</Filter>
    </ClInclude>
    <ClInclude Include="..\..\libs\wxutil\decl\DeclarationSelectorDialog.h">
      <Filter>decl</Filter>
    </ClInclude>
    <ClInclude Include="..\..\libs\wxutil\dataview\IndicatorColumn.h">
      <Filter>dataview</Filter>
    </ClInclude>
    <ClInclude Include="..\..\libs\wxutil\DockablePanel.h" />
    <ClInclude Include="..\..\libs\wxutil\TransientPopupWindow.h" />
    <ClInclude Include="..\..\libs\wxutil\preview\EntityPreview.h">
      <Filter>preview</Filter>
    </ClInclude>
  </ItemGroup>
  <ItemGroup>
    <ClCompile Include="..\..\libs\wxutil\dialog\MessageBox.cpp">
      <Filter>dialog</Filter>
    </ClCompile>
    <ClCompile Include="..\..\libs\wxutil\dialog\Dialog.cpp">
      <Filter>dialog</Filter>
    </ClCompile>
    <ClCompile Include="..\..\libs\wxutil\menu\PopupMenu.cpp">
      <Filter>menu</Filter>
    </ClCompile>
    <ClCompile Include="..\..\libs\wxutil\preview\ParticlePreview.cpp">
      <Filter>preview</Filter>
    </ClCompile>
    <ClCompile Include="..\..\libs\wxutil\preview\RenderPreview.cpp">
      <Filter>preview</Filter>
    </ClCompile>
    <ClCompile Include="..\..\libs\wxutil\preview\ModelPreview.cpp">
      <Filter>preview</Filter>
    </ClCompile>
    <ClCompile Include="..\..\libs\wxutil\ModalProgressDialog.cpp" />
    <ClCompile Include="..\..\libs\wxutil\PanedPosition.cpp" />
    <ClCompile Include="..\..\libs\wxutil\PathEntry.cpp" />
    <ClCompile Include="..\..\libs\wxutil\SerialisableWidgets.cpp" />
    <ClCompile Include="..\..\libs\wxutil\WindowPosition.cpp" />
    <ClCompile Include="..\..\libs\wxutil\ConsoleView.cpp" />
    <ClCompile Include="..\..\libs\wxutil\DirChooser.cpp" />
    <ClCompile Include="..\..\libs\wxutil\FileChooser.cpp" />
    <ClCompile Include="..\..\libs\wxutil\FreezePointer.cpp" />
    <ClCompile Include="..\..\libs\wxutil\GLWidget.cpp" />
    <ClCompile Include="..\..\libs\wxutil\MouseToolHandler.cpp" />
    <ClCompile Include="..\..\libs\wxutil\preview\GuiRenderer.cpp">
      <Filter>preview</Filter>
    </ClCompile>
    <ClCompile Include="..\..\libs\wxutil\preview\GuiView.cpp">
      <Filter>preview</Filter>
    </ClCompile>
    <ClCompile Include="..\..\libs\wxutil\dialog\DialogBase.cpp">
      <Filter>dialog</Filter>
    </ClCompile>
    <ClCompile Include="..\..\libs\wxutil\Splitter.cpp" />
    <ClCompile Include="..\..\libs\wxutil\EntityClassChooser.cpp" />
    <ClCompile Include="..\..\libs\wxutil\fsview\FileSystemView.cpp">
      <Filter>fsview</Filter>
    </ClCompile>
    <ClCompile Include="..\..\libs\wxutil\fsview\Populator.cpp">
      <Filter>fsview</Filter>
    </ClCompile>
    <ClCompile Include="..\..\libs\wxutil\dataview\KeyValueTable.cpp">
      <Filter>dataview</Filter>
    </ClCompile>
    <ClCompile Include="..\..\libs\wxutil\dataview\ResourceTreeView.cpp">
      <Filter>dataview</Filter>
    </ClCompile>
    <ClCompile Include="..\..\libs\wxutil\dataview\TreeModel.cpp">
      <Filter>dataview</Filter>
    </ClCompile>
    <ClCompile Include="..\..\libs\wxutil\dataview\TreeModelFilter.cpp">
      <Filter>dataview</Filter>
    </ClCompile>
    <ClCompile Include="..\..\libs\wxutil\dataview\TreeView.cpp">
      <Filter>dataview</Filter>
    </ClCompile>
    <ClCompile Include="..\..\libs\wxutil\dataview\VFSTreePopulator.cpp">
      <Filter>dataview</Filter>
    </ClCompile>
    <ClCompile Include="..\..\libs\wxutil\dataview\ThreadedResourceTreePopulator.cpp">
      <Filter>dataview</Filter>
    </ClCompile>
    <ClCompile Include="..\..\libs\wxutil\dataview\ResourceTreeViewToolbar.cpp">
      <Filter>dataview</Filter>
    </ClCompile>
    <ClCompile Include="..\..\libs\wxutil\menu\FilterPopupMenu.cpp">
      <Filter>menu</Filter>
    </ClCompile>
    <ClCompile Include="..\..\libs\wxutil\dataview\DeclarationTreeView.cpp">
      <Filter>dataview</Filter>
    </ClCompile>
    <ClCompile Include="..\..\libs\wxutil\sourceview\DefinitionView.cpp">
      <Filter>sourceview</Filter>
    </ClCompile>
    <ClCompile Include="..\..\libs\wxutil\sourceview\SourceView.cpp">
      <Filter>sourceview</Filter>
    </ClCompile>
    <ClCompile Include="..\..\libs\wxutil\sourceview\DeclarationSourceView.cpp">
      <Filter>sourceview</Filter>
    </ClCompile>
    <ClCompile Include="..\..\libs\wxutil\decl\DeclarationSelector.cpp">
      <Filter>decl</Filter>
    </ClCompile>
    <ClCompile Include="..\..\libs\wxutil\WindowState.cpp" />
    <ClCompile Include="..\..\libs\wxutil\decl\DeclarationSelectorDialog.cpp">
      <Filter>decl</Filter>
    </ClCompile>
    <ClCompile Include="..\..\libs\wxutil\preview\EntityPreview.cpp">
      <Filter>preview</Filter>
    </ClCompile>
  </ItemGroup>
</Project>