<?xml version="1.0" encoding="utf-8"?>
<Project ToolsVersion="4.0" xmlns="http://schemas.microsoft.com/developer/msbuild/2003">
  <ItemGroup>
    <Filter Include="src">
      <UniqueIdentifier>{4FC737F1-C7A5-4376-A066-2A32D752A2FF}</UniqueIdentifier>
      <Extensions>cpp;c;cxx;def;odl;idl;hpj;bat;asm;asmx</Extensions>
    </Filter>
  </ItemGroup>
  <ItemGroup>
    <ClInclude Include="..\..\plugins\eclassmgr\Doom3EntityClass.h">
      <Filter>src</Filter>
    </ClInclude>
    <ClInclude Include="..\..\plugins\eclassmgr\Doom3ModelDef.h">
      <Filter>src</Filter>
    </ClInclude>
    <ClInclude Include="..\..\plugins\eclassmgr\EClassManager.h">
      <Filter>src</Filter>
    </ClInclude>
  </ItemGroup>
  <ItemGroup>
    <ClCompile Include="..\..\plugins\eclassmgr\Doom3EntityClass.cpp">
      <Filter>src</Filter>
    </ClCompile>
    <ClCompile Include="..\..\plugins\eclassmgr\eclass_doom3.cpp">
      <Filter>src</Filter>
    </ClCompile>
    <ClCompile Include="..\..\plugins\eclassmgr\EClassManager.cpp">
      <Filter>src</Filter>
    </ClCompile>
  </ItemGroup>
  <ItemGroup>
    <None Include="..\..\plugins\eclassmgr\eclassmgr.def">
      <Filter>src</Filter>
    </None>
  </ItemGroup>
</Project>