<?xml version="1.0" encoding="utf-8"?>
<Project ToolsVersion="4.0" xmlns="http://schemas.microsoft.com/developer/msbuild/2003">
  <ItemGroup>
    <Filter Include="src">
      <UniqueIdentifier>{4FC737F1-C7A5-4376-A066-2A32D752A2FF}</UniqueIdentifier>
      <Extensions>cpp;c;cxx;def;odl;idl;hpj;bat;asm;asmx</Extensions>
    </Filter>
  </ItemGroup>
  <ItemGroup>
    <ClCompile Include="..\..\plugins\eventmanager\Accelerator.cpp">
      <Filter>src</Filter>
    </ClCompile>
    <ClCompile Include="..\..\plugins\eventmanager\EventManager.cpp">
      <Filter>src</Filter>
    </ClCompile>
    <ClCompile Include="..\..\plugins\eventmanager\Modifiers.cpp">
      <Filter>src</Filter>
    </ClCompile>
    <ClCompile Include="..\..\plugins\eventmanager\MouseEvents.cpp">
      <Filter>src</Filter>
    </ClCompile>
    <ClCompile Include="..\..\plugins\eventmanager\Statement.cpp">
      <Filter>src</Filter>
    </ClCompile>
    <ClCompile Include="..\..\plugins\eventmanager\Toggle.cpp">
      <Filter>src</Filter>
    </ClCompile>
    <ClCompile Include="..\..\plugins\eventmanager\WidgetToggle.cpp">
      <Filter>src</Filter>
    </ClCompile>
  </ItemGroup>
  <ItemGroup>
    <ClInclude Include="..\..\plugins\eventmanager\Accelerator.h">
      <Filter>src</Filter>
    </ClInclude>
    <ClInclude Include="..\..\plugins\eventmanager\Event.h">
      <Filter>src</Filter>
    </ClInclude>
    <ClInclude Include="..\..\plugins\eventmanager\EventManager.h">
      <Filter>src</Filter>
    </ClInclude>
    <ClInclude Include="..\..\plugins\eventmanager\KeyEvent.h">
      <Filter>src</Filter>
    </ClInclude>
    <ClInclude Include="..\..\plugins\eventmanager\Modifiers.h">
      <Filter>src</Filter>
    </ClInclude>
    <ClInclude Include="..\..\plugins\eventmanager\MouseEvents.h">
      <Filter>src</Filter>
    </ClInclude>
    <ClInclude Include="..\..\plugins\eventmanager\RegistryToggle.h">
      <Filter>src</Filter>
    </ClInclude>
    <ClInclude Include="..\..\plugins\eventmanager\SaveEventVisitor.h">
      <Filter>src</Filter>
    </ClInclude>
    <ClInclude Include="..\..\plugins\eventmanager\Statement.h">
      <Filter>src</Filter>
    </ClInclude>
    <ClInclude Include="..\..\plugins\eventmanager\Toggle.h">
      <Filter>src</Filter>
    </ClInclude>
    <ClInclude Include="..\..\plugins\eventmanager\WidgetToggle.h">
      <Filter>src</Filter>
    </ClInclude>
  </ItemGroup>
  <ItemGroup>
    <None Include="..\..\plugins\eventmanager\eventmanager.def">
      <Filter>src</Filter>
    </None>
  </ItemGroup>
</Project>