<?xml version="1.0" encoding="utf-8"?>
<Project ToolsVersion="4.0" xmlns="http://schemas.microsoft.com/developer/msbuild/2003">
  <ItemGroup>
    <Filter Include="src">
      <UniqueIdentifier>{4FC737F1-C7A5-4376-A066-2A32D752A2FF}</UniqueIdentifier>
      <Extensions>cpp;c;cxx;def;odl;idl;hpj;bat;asm;asmx</Extensions>
    </Filter>
  </ItemGroup>
  <ItemGroup>
    <ClCompile Include="..\..\plugins\filters\BasicFilterSystem.cpp">
      <Filter>src</Filter>
    </ClCompile>
    <ClCompile Include="..\..\plugins\filters\filters.cpp">
      <Filter>src</Filter>
    </ClCompile>
    <ClCompile Include="..\..\plugins\filters\XMLFilter.cpp">
      <Filter>src</Filter>
    </ClCompile>
  </ItemGroup>
  <ItemGroup>
    <ClInclude Include="..\..\plugins\filters\BasicFilterSystem.h">
      <Filter>src</Filter>
    </ClInclude>
    <ClInclude Include="..\..\plugins\filters\InstanceUpdateWalker.h">
      <Filter>src</Filter>
    </ClInclude>
    <ClInclude Include="..\..\plugins\filters\ShaderUpdateWalker.h">
      <Filter>src</Filter>
    </ClInclude>
    <ClInclude Include="..\..\plugins\filters\XMLFilter.h">
      <Filter>src</Filter>
    </ClInclude>
  </ItemGroup>
  <ItemGroup>
    <None Include="..\..\plugins\filters\filters.def">
      <Filter>src</Filter>
    </None>
  </ItemGroup>
</Project>