<?xml version="1.0" encoding="utf-8"?>
<Project ToolsVersion="4.0" xmlns="http://schemas.microsoft.com/developer/msbuild/2003">
  <ItemGroup>
    <Filter Include="src">
      <UniqueIdentifier>{4FC737F1-C7A5-4376-A066-2A32D752A2FF}</UniqueIdentifier>
      <Extensions>cpp;c;cxx;def;odl;idl;hpj;bat;asm;asmx</Extensions>
    </Filter>
    <Filter Include="src\editor">
      <UniqueIdentifier>{9011df94-9eab-41dd-bb33-41d0e966bfaf}</UniqueIdentifier>
    </Filter>
  </ItemGroup>
  <ItemGroup>
    <ClInclude Include="..\..\plugins\particles\ParticleDef.h">
      <Filter>src</Filter>
    </ClInclude>
    <ClInclude Include="..\..\plugins\particles\ParticleFileLoader.h">
      <Filter>src</Filter>
    </ClInclude>
    <ClInclude Include="..\..\plugins\particles\ParticleParameter.h">
      <Filter>src</Filter>
    </ClInclude>
    <ClInclude Include="..\..\plugins\particles\ParticleQuad.h">
      <Filter>src</Filter>
    </ClInclude>
    <ClInclude Include="..\..\plugins\particles\ParticleRenderInfo.h">
      <Filter>src</Filter>
    </ClInclude>
    <ClInclude Include="..\..\plugins\particles\ParticlesManager.h">
      <Filter>src</Filter>
    </ClInclude>
    <ClInclude Include="..\..\plugins\particles\RenderableParticle.h">
      <Filter>src</Filter>
    </ClInclude>
    <ClInclude Include="..\..\plugins\particles\RenderableParticleBunch.h">
      <Filter>src</Filter>
    </ClInclude>
    <ClInclude Include="..\..\plugins\particles\RenderableParticleStage.h">
      <Filter>src</Filter>
    </ClInclude>
    <ClInclude Include="..\..\plugins\particles\editor\ParticleEditor.h">
      <Filter>src\editor</Filter>
    </ClInclude>
    <ClInclude Include="..\..\plugins\particles\editor\ParticleEditorModule.h">
      <Filter>src\editor</Filter>
    </ClInclude>
    <ClInclude Include="..\..\plugins\particles\ParticleNode.h">
      <Filter>src</Filter>
    </ClInclude>
    <ClInclude Include="..\..\plugins\particles\StageDef.h">
      <Filter>src</Filter>
    </ClInclude>
  </ItemGroup>
  <ItemGroup>
    <ClCompile Include="..\..\plugins\particles\particles.cpp">
      <Filter>src</Filter>
    </ClCompile>
    <ClCompile Include="..\..\plugins\particles\ParticlesManager.cpp">
      <Filter>src</Filter>
    </ClCompile>
    <ClCompile Include="..\..\plugins\particles\RenderableParticle.cpp">
      <Filter>src</Filter>
    </ClCompile>
    <ClCompile Include="..\..\plugins\particles\RenderableParticleBunch.cpp">
      <Filter>src</Filter>
    </ClCompile>
    <ClCompile Include="..\..\plugins\particles\RenderableParticleStage.cpp">
      <Filter>src</Filter>
    </ClCompile>
    <ClCompile Include="..\..\plugins\particles\editor\ParticleEditor.cpp">
      <Filter>src\editor</Filter>
    </ClCompile>
    <ClCompile Include="..\..\plugins\particles\ParticleParameter.cpp">
      <Filter>src</Filter>
    </ClCompile>
    <ClCompile Include="..\..\plugins\particles\ParticleNode.cpp">
      <Filter>src</Filter>
    </ClCompile>
    <ClCompile Include="..\..\plugins\particles\StageDef.cpp">
      <Filter>src</Filter>
    </ClCompile>
    <ClCompile Include="..\..\plugins\particles\ParticleDef.cpp">
      <Filter>src</Filter>
    </ClCompile>
  </ItemGroup>
  <ItemGroup>
    <None Include="..\..\plugins\particles\particles.def">
      <Filter>src</Filter>
    </None>
  </ItemGroup>
</Project>