<?xml version="1.0" encoding="utf-8"?>
<Project ToolsVersion="4.0" xmlns="http://schemas.microsoft.com/developer/msbuild/2003">
  <ItemGroup>
    <ClCompile Include="..\..\..\test\CSG.cpp" />
    <ClCompile Include="..\..\..\test\HeadlessOpenGLContext.cpp" />
    <ClCompile Include="..\..\..\test\Camera.cpp" />
    <ClCompile Include="..\..\..\test\SelectionAlgorithm.cpp" />
    <ClCompile Include="..\..\..\test\ModelScale.cpp" />
    <ClCompile Include="..\..\..\test\FacePlane.cpp" />
    <ClCompile Include="..\..\..\test\VFS.cpp" />
    <ClCompile Include="..\..\..\test\Materials.cpp" />
    <ClCompile Include="..\..\..\test\math\Quaternion.cpp">
      <Filter>math</Filter>
    </ClCompile>
    <ClCompile Include="..\..\..\test\math\Matrix4.cpp">
      <Filter>math</Filter>
    </ClCompile>
    <ClCompile Include="..\..\..\test\math\Vector3.cpp">
      <Filter>math</Filter>
    </ClCompile>
    <ClCompile Include="..\..\..\test\math\Plane3.cpp">
      <Filter>math</Filter>
    </ClCompile>
    <ClCompile Include="..\..\..\test\ModelExport.cpp" />
    <ClCompile Include="..\..\..\test\MapExport.cpp" />
  </ItemGroup>
  <ItemGroup>
    <ClInclude Include="..\..\..\test\HeadlessOpenGLContext.h" />
    <ClInclude Include="..\..\..\test\RadiantTest.h" />
    <ClInclude Include="..\..\..\test\TestContext.h" />
    <ClInclude Include="..\..\..\test\algorithm\Scene.h">
      <Filter>algorithm</Filter>
    </ClInclude>
  </ItemGroup>
  <ItemGroup>
    <None Include="packages.config" />
  </ItemGroup>
  <ItemGroup>
    <Filter Include="algorithm">
      <UniqueIdentifier>{519b0a02-8afc-4b67-9fa3-aeed09412562}</UniqueIdentifier>
    </Filter>
    <Filter Include="math">
      <UniqueIdentifier>{42d9ba18-ca4a-4ee3-9e61-0ace3e7c1881}</UniqueIdentifier>
    </Filter>
  </ItemGroup>
</Project>